// !$*UTF8*$!
{
	archiveVersion = 1;
	classes = {
	};
	objectVersion = 46;
	objects = {

/* Begin PBXBuildFile section */
		014D91661ED58D82002A8346 /* plus_white.png in Resources */ = {isa = PBXBuildFile; fileRef = 014D91641ED58D82002A8346 /* plus_white.png */; };
		014D91671ED58D82002A8346 /* plus.png in Resources */ = {isa = PBXBuildFile; fileRef = 014D91651ED58D82002A8346 /* plus.png */; };
		014D916B1ED592A5002A8346 /* GallaryVC.m in Sources */ = {isa = PBXBuildFile; fileRef = 014D916A1ED592A5002A8346 /* GallaryVC.m */; };
		014D916E1ED592BD002A8346 /* UploadVC.m in Sources */ = {isa = PBXBuildFile; fileRef = 014D916D1ED592BD002A8346 /* UploadVC.m */; };
		014D91711ED592F7002A8346 /* UploadTypeVC.m in Sources */ = {isa = PBXBuildFile; fileRef = 014D91701ED592F7002A8346 /* UploadTypeVC.m */; };
		DB0B4B1C1EC711BB005AAF8E /* AFHTTPRequestOperation.m in Sources */ = {isa = PBXBuildFile; fileRef = DB0B4AED1EC711BB005AAF8E /* AFHTTPRequestOperation.m */; };
		DB0B4B1D1EC711BB005AAF8E /* AFHTTPRequestOperationManager.m in Sources */ = {isa = PBXBuildFile; fileRef = DB0B4AEF1EC711BB005AAF8E /* AFHTTPRequestOperationManager.m */; };
		DB0B4B1E1EC711BB005AAF8E /* AFHTTPSessionManager.m in Sources */ = {isa = PBXBuildFile; fileRef = DB0B4AF11EC711BB005AAF8E /* AFHTTPSessionManager.m */; };
		DB0B4B1F1EC711BB005AAF8E /* AFNetworkReachabilityManager.m in Sources */ = {isa = PBXBuildFile; fileRef = DB0B4AF41EC711BB005AAF8E /* AFNetworkReachabilityManager.m */; };
		DB0B4B201EC711BB005AAF8E /* AFSecurityPolicy.m in Sources */ = {isa = PBXBuildFile; fileRef = DB0B4AF61EC711BB005AAF8E /* AFSecurityPolicy.m */; };
		DB0B4B211EC711BB005AAF8E /* AFURLConnectionOperation.m in Sources */ = {isa = PBXBuildFile; fileRef = DB0B4AF81EC711BB005AAF8E /* AFURLConnectionOperation.m */; };
		DB0B4B221EC711BB005AAF8E /* AFURLRequestSerialization.m in Sources */ = {isa = PBXBuildFile; fileRef = DB0B4AFA1EC711BB005AAF8E /* AFURLRequestSerialization.m */; };
		DB0B4B231EC711BB005AAF8E /* AFURLResponseSerialization.m in Sources */ = {isa = PBXBuildFile; fileRef = DB0B4AFC1EC711BB005AAF8E /* AFURLResponseSerialization.m */; };
		DB0B4B241EC711BB005AAF8E /* AFURLSessionManager.m in Sources */ = {isa = PBXBuildFile; fileRef = DB0B4AFE1EC711BB005AAF8E /* AFURLSessionManager.m */; };
		DB0B4B251EC711BB005AAF8E /* APPhotoLibrary.m in Sources */ = {isa = PBXBuildFile; fileRef = DB0B4B001EC711BB005AAF8E /* APPhotoLibrary.m */; };
		DB0B4B261EC711BB005AAF8E /* Reachability.m in Sources */ = {isa = PBXBuildFile; fileRef = DB0B4B061EC711BB005AAF8E /* Reachability.m */; };
		DB0B4B271EC711BB005AAF8E /* SVIndefiniteAnimatedView.m in Sources */ = {isa = PBXBuildFile; fileRef = DB0B4B081EC711BB005AAF8E /* SVIndefiniteAnimatedView.m */; };
		DB0B4B281EC711BB005AAF8E /* SVProgressHUD.bundle in Resources */ = {isa = PBXBuildFile; fileRef = DB0B4B0A1EC711BB005AAF8E /* SVProgressHUD.bundle */; };
		DB0B4B291EC711BB005AAF8E /* SVProgressHUD.m in Sources */ = {isa = PBXBuildFile; fileRef = DB0B4B0C1EC711BB005AAF8E /* SVProgressHUD.m */; };
		DB0B4B2A1EC711BB005AAF8E /* SVRadialGradientLayer.m in Sources */ = {isa = PBXBuildFile; fileRef = DB0B4B0E1EC711BB005AAF8E /* SVRadialGradientLayer.m */; };
		DB0B4B2B1EC711BB005AAF8E /* TPKeyboardAvoidingCollectionView.m in Sources */ = {isa = PBXBuildFile; fileRef = DB0B4B131EC711BB005AAF8E /* TPKeyboardAvoidingCollectionView.m */; };
		DB0B4B2C1EC711BB005AAF8E /* TPKeyboardAvoidingScrollView.m in Sources */ = {isa = PBXBuildFile; fileRef = DB0B4B151EC711BB005AAF8E /* TPKeyboardAvoidingScrollView.m */; };
		DB0B4B2D1EC711BB005AAF8E /* TPKeyboardAvoidingTableView.m in Sources */ = {isa = PBXBuildFile; fileRef = DB0B4B171EC711BB005AAF8E /* TPKeyboardAvoidingTableView.m */; };
		DB0B4B2E1EC711BB005AAF8E /* UIScrollView+TPKeyboardAvoidingAdditions.m in Sources */ = {isa = PBXBuildFile; fileRef = DB0B4B191EC711BB005AAF8E /* UIScrollView+TPKeyboardAvoidingAdditions.m */; };
		DB0B4B2F1EC711BB005AAF8E /* WebServiceCalls.m in Sources */ = {isa = PBXBuildFile; fileRef = DB0B4B1B1EC711BB005AAF8E /* WebServiceCalls.m */; };
		DB0B4B3A1EC71F7B005AAF8E /* Bolts.framework in Frameworks */ = {isa = PBXBuildFile; fileRef = DB0B4B301EC71F7B005AAF8E /* Bolts.framework */; };
		DB0B4B3B1EC71F7B005AAF8E /* FBSDKCoreKit.framework in Frameworks */ = {isa = PBXBuildFile; fileRef = DB0B4B311EC71F7B005AAF8E /* FBSDKCoreKit.framework */; };
		DB0B4B3C1EC71F7B005AAF8E /* FBSDKLoginKit.framework in Frameworks */ = {isa = PBXBuildFile; fileRef = DB0B4B321EC71F7B005AAF8E /* FBSDKLoginKit.framework */; };
		DB0B4B3E1EC71F7B005AAF8E /* GoogleAppUtilities.framework in Frameworks */ = {isa = PBXBuildFile; fileRef = DB0B4B351EC71F7B005AAF8E /* GoogleAppUtilities.framework */; };
		DB0B4B3F1EC71F7B005AAF8E /* GoogleSignIn.bundle in Resources */ = {isa = PBXBuildFile; fileRef = DB0B4B361EC71F7B005AAF8E /* GoogleSignIn.bundle */; };
		DB0B4B401EC71F7B005AAF8E /* GoogleSignIn.framework in Frameworks */ = {isa = PBXBuildFile; fileRef = DB0B4B371EC71F7B005AAF8E /* GoogleSignIn.framework */; };
		DB0B4B411EC71F7B005AAF8E /* GoogleSignInDependencies.framework in Frameworks */ = {isa = PBXBuildFile; fileRef = DB0B4B381EC71F7B005AAF8E /* GoogleSignInDependencies.framework */; };
		DB0B4B421EC71F7B005AAF8E /* GoogleSymbolUtilities.framework in Frameworks */ = {isa = PBXBuildFile; fileRef = DB0B4B391EC71F7B005AAF8E /* GoogleSymbolUtilities.framework */; };
		DB0B4B461EC723E0005AAF8E /* GoogleService-Info.plist in Resources */ = {isa = PBXBuildFile; fileRef = DB0B4B451EC723E0005AAF8E /* GoogleService-Info.plist */; };
		DB0B4B491EC7269A005AAF8E /* SystemConfiguration.framework in Frameworks */ = {isa = PBXBuildFile; fileRef = DB0B4B481EC7269A005AAF8E /* SystemConfiguration.framework */; };
		DB0B4B4B1EC726A4005AAF8E /* SafariServices.framework in Frameworks */ = {isa = PBXBuildFile; fileRef = DB0B4B4A1EC726A4005AAF8E /* SafariServices.framework */; };
		DB0B4B4D1EC726B0005AAF8E /* Foundation.framework in Frameworks */ = {isa = PBXBuildFile; fileRef = DB0B4B4C1EC726B0005AAF8E /* Foundation.framework */; };
		DB0B4B4F1EC726BF005AAF8E /* CoreGraphics.framework in Frameworks */ = {isa = PBXBuildFile; fileRef = DB0B4B4E1EC726BF005AAF8E /* CoreGraphics.framework */; };
		DB0B4B511EC726D6005AAF8E /* UIKit.framework in Frameworks */ = {isa = PBXBuildFile; fileRef = DB0B4B501EC726D6005AAF8E /* UIKit.framework */; };
		DB0B4B531EC72706005AAF8E /* libz.tbd in Frameworks */ = {isa = PBXBuildFile; fileRef = DB0B4B521EC72706005AAF8E /* libz.tbd */; };
		DB0B4B551EC7271B005AAF8E /* libsqlite3.0.tbd in Frameworks */ = {isa = PBXBuildFile; fileRef = DB0B4B541EC7271B005AAF8E /* libsqlite3.0.tbd */; };
		DB0B4B581EC73270005AAF8E /* AccountKit.framework in Frameworks */ = {isa = PBXBuildFile; fileRef = DB0B4B561EC73270005AAF8E /* AccountKit.framework */; };
		DB0B4B591EC73270005AAF8E /* AccountKitStrings.bundle in Resources */ = {isa = PBXBuildFile; fileRef = DB0B4B571EC73270005AAF8E /* AccountKitStrings.bundle */; };
		DB52B9DA1EC6DE280082C04F /* main.m in Sources */ = {isa = PBXBuildFile; fileRef = DB52B9D91EC6DE280082C04F /* main.m */; };
		DB52B9DD1EC6DE290082C04F /* AppDelegate.m in Sources */ = {isa = PBXBuildFile; fileRef = DB52B9DC1EC6DE290082C04F /* AppDelegate.m */; };
		DB52B9E01EC6DE290082C04F /* ViewController.m in Sources */ = {isa = PBXBuildFile; fileRef = DB52B9DF1EC6DE290082C04F /* ViewController.m */; };
		DB52B9E31EC6DE290082C04F /* Main.storyboard in Resources */ = {isa = PBXBuildFile; fileRef = DB52B9E11EC6DE290082C04F /* Main.storyboard */; };
		DB52B9E51EC6DE2A0082C04F /* Assets.xcassets in Resources */ = {isa = PBXBuildFile; fileRef = DB52B9E41EC6DE2A0082C04F /* Assets.xcassets */; };
		DB52B9E81EC6DE2A0082C04F /* LaunchScreen.storyboard in Resources */ = {isa = PBXBuildFile; fileRef = DB52B9E61EC6DE2A0082C04F /* LaunchScreen.storyboard */; };
		DB52BA151EC6E70D0082C04F /* arrow_left.png in Resources */ = {isa = PBXBuildFile; fileRef = DB52B9F01EC6E70D0082C04F /* arrow_left.png */; };
		DB52BA161EC6E70D0082C04F /* back.png in Resources */ = {isa = PBXBuildFile; fileRef = DB52B9F11EC6E70D0082C04F /* back.png */; };
		DB52BA181EC6E70D0082C04F /* car.png in Resources */ = {isa = PBXBuildFile; fileRef = DB52B9F31EC6E70D0082C04F /* car.png */; };
		DB52BA191EC6E70D0082C04F /* chat.png in Resources */ = {isa = PBXBuildFile; fileRef = DB52B9F41EC6E70D0082C04F /* chat.png */; };
		DB52BA1A1EC6E70D0082C04F /* evening.jpg in Resources */ = {isa = PBXBuildFile; fileRef = DB52B9F51EC6E70D0082C04F /* evening.jpg */; };
		DB52BA1B1EC6E70D0082C04F /* facebook.png in Resources */ = {isa = PBXBuildFile; fileRef = DB52B9F61EC6E70D0082C04F /* facebook.png */; };
		DB52BA1C1EC6E70D0082C04F /* feedback.png in Resources */ = {isa = PBXBuildFile; fileRef = DB52B9F71EC6E70D0082C04F /* feedback.png */; };
		DB52BA1F1EC6E70D0082C04F /* filter.png in Resources */ = {isa = PBXBuildFile; fileRef = DB52B9FA1EC6E70D0082C04F /* filter.png */; };
		DB52BA201EC6E70D0082C04F /* gplus.png in Resources */ = {isa = PBXBuildFile; fileRef = DB52B9FB1EC6E70D0082C04F /* gplus.png */; };
		DB52BA211EC6E70D0082C04F /* grey_arrow.png in Resources */ = {isa = PBXBuildFile; fileRef = DB52B9FC1EC6E70D0082C04F /* grey_arrow.png */; };
		DB52BA221EC6E70D0082C04F /* grey_camera.png in Resources */ = {isa = PBXBuildFile; fileRef = DB52B9FD1EC6E70D0082C04F /* grey_camera.png */; };
		DB52BA231EC6E70D0082C04F /* heart.png in Resources */ = {isa = PBXBuildFile; fileRef = DB52B9FE1EC6E70D0082C04F /* heart.png */; };
		DB52BA241EC6E70D0082C04F /* help.png in Resources */ = {isa = PBXBuildFile; fileRef = DB52B9FF1EC6E70D0082C04F /* help.png */; };
		DB52BA251EC6E70D0082C04F /* home.png in Resources */ = {isa = PBXBuildFile; fileRef = DB52BA001EC6E70D0082C04F /* home.png */; };
		DB52BA261EC6E70D0082C04F /* homes.jpg in Resources */ = {isa = PBXBuildFile; fileRef = DB52BA011EC6E70D0082C04F /* homes.jpg */; };
		DB52BA271EC6E70D0082C04F /* homesea.png in Resources */ = {isa = PBXBuildFile; fileRef = DB52BA021EC6E70D0082C04F /* homesea.png */; };
		DB52BA281EC6E70D0082C04F /* house.png in Resources */ = {isa = PBXBuildFile; fileRef = DB52BA031EC6E70D0082C04F /* house.png */; };
		DB52BA291EC6E70D0082C04F /* image_item.png in Resources */ = {isa = PBXBuildFile; fileRef = DB52BA041EC6E70D0082C04F /* image_item.png */; };
		DB52BA2A1EC6E70D0082C04F /* line.png in Resources */ = {isa = PBXBuildFile; fileRef = DB52BA051EC6E70D0082C04F /* line.png */; };
		DB52BA2B1EC6E70D0082C04F /* log_out.png in Resources */ = {isa = PBXBuildFile; fileRef = DB52BA061EC6E70D0082C04F /* log_out.png */; };
		DB52BA2C1EC6E70D0082C04F /* login_backgroung 2.png in Resources */ = {isa = PBXBuildFile; fileRef = DB52BA071EC6E70D0082C04F /* login_backgroung 2.png */; };
		DB52BA2D1EC6E70D0082C04F /* login_backgroung.png in Resources */ = {isa = PBXBuildFile; fileRef = DB52BA081EC6E70D0082C04F /* login_backgroung.png */; };
		DB52BA2E1EC6E70D0082C04F /* logo.png in Resources */ = {isa = PBXBuildFile; fileRef = DB52BA091EC6E70D0082C04F /* logo.png */; };
		DB52BA2F1EC6E70D0082C04F /* plane.png in Resources */ = {isa = PBXBuildFile; fileRef = DB52BA0A1EC6E70D0082C04F /* plane.png */; };
		DB52BA301EC6E70D0082C04F /* profileimage.png in Resources */ = {isa = PBXBuildFile; fileRef = DB52BA0B1EC6E70D0082C04F /* profileimage.png */; };
		DB52BA311EC6E70D0082C04F /* rupees.png in Resources */ = {isa = PBXBuildFile; fileRef = DB52BA0C1EC6E70D0082C04F /* rupees.png */; };
		DB52BA321EC6E70D0082C04F /* search.png in Resources */ = {isa = PBXBuildFile; fileRef = DB52BA0D1EC6E70D0082C04F /* search.png */; };
		DB52BA331EC6E70D0082C04F /* setting.png in Resources */ = {isa = PBXBuildFile; fileRef = DB52BA0E1EC6E70D0082C04F /* setting.png */; };
		DB52BA341EC6E70D0082C04F /* share_info.png in Resources */ = {isa = PBXBuildFile; fileRef = DB52BA0F1EC6E70D0082C04F /* share_info.png */; };
		DB52BA361EC6E70D0082C04F /* sweethome.jpg in Resources */ = {isa = PBXBuildFile; fileRef = DB52BA111EC6E70D0082C04F /* sweethome.jpg */; };
		DB52BA371EC6E70D0082C04F /* tv.png in Resources */ = {isa = PBXBuildFile; fileRef = DB52BA121EC6E70D0082C04F /* tv.png */; };
		DB52BA381EC6E70D0082C04F /* user.png in Resources */ = {isa = PBXBuildFile; fileRef = DB52BA131EC6E70D0082C04F /* user.png */; };
		DB52BA391EC6E70D0082C04F /* vehicle_image.png in Resources */ = {isa = PBXBuildFile; fileRef = DB52BA141EC6E70D0082C04F /* vehicle_image.png */; };
		DB5E31411ECED05200A44445 /* MapKit.framework in Frameworks */ = {isa = PBXBuildFile; fileRef = DB5E31401ECED05200A44445 /* MapKit.framework */; };
		DB7F78EF1ED3002C003D3A50 /* ViewHeader.m in Sources */ = {isa = PBXBuildFile; fileRef = DB7F78ED1ED3002C003D3A50 /* ViewHeader.m */; };
		DB7F78F01ED3002C003D3A50 /* ViewHeader.xib in Resources */ = {isa = PBXBuildFile; fileRef = DB7F78EE1ED3002C003D3A50 /* ViewHeader.xib */; };
		DB7F78F21ED3008E003D3A50 /* sidebar_.png in Resources */ = {isa = PBXBuildFile; fileRef = DB7F78F11ED3008E003D3A50 /* sidebar_.png */; };
		DB7F78F41ED300B7003D3A50 /* back_icon.png in Resources */ = {isa = PBXBuildFile; fileRef = DB7F78F31ED300B7003D3A50 /* back_icon.png */; };
		DB7F78F71ED3013B003D3A50 /* HomeVC.m in Sources */ = {isa = PBXBuildFile; fileRef = DB7F78F61ED3013B003D3A50 /* HomeVC.m */; };
		DB7F78FB1ED307F5003D3A50 /* CategoryVC.m in Sources */ = {isa = PBXBuildFile; fileRef = DB7F78FA1ED307F5003D3A50 /* CategoryVC.m */; };
		DB7F78FE1ED31662003D3A50 /* DataListVC.m in Sources */ = {isa = PBXBuildFile; fileRef = DB7F78FD1ED31662003D3A50 /* DataListVC.m */; };
		DB7F79011ED316D7003D3A50 /* View.xib in Resources */ = {isa = PBXBuildFile; fileRef = DB7F79001ED316D7003D3A50 /* View.xib */; };
		DB7F79041ED31890003D3A50 /* ViewCell.m in Sources */ = {isa = PBXBuildFile; fileRef = DB7F79031ED31890003D3A50 /* ViewCell.m */; };
		DB7F79271ED31ED9003D3A50 /* MKAnnotationView+WebCache.m in Sources */ = {isa = PBXBuildFile; fileRef = DB7F79071ED31ED9003D3A50 /* MKAnnotationView+WebCache.m */; };
		DB7F79281ED31ED9003D3A50 /* NSData+ImageContentType.m in Sources */ = {isa = PBXBuildFile; fileRef = DB7F79091ED31ED9003D3A50 /* NSData+ImageContentType.m */; };
		DB7F79291ED31ED9003D3A50 /* SDImageCache.m in Sources */ = {isa = PBXBuildFile; fileRef = DB7F790B1ED31ED9003D3A50 /* SDImageCache.m */; };
		DB7F792A1ED31ED9003D3A50 /* SDWebImageCompat.m in Sources */ = {isa = PBXBuildFile; fileRef = DB7F790D1ED31ED9003D3A50 /* SDWebImageCompat.m */; };
		DB7F792B1ED31ED9003D3A50 /* SDWebImageDecoder.m in Sources */ = {isa = PBXBuildFile; fileRef = DB7F790F1ED31ED9003D3A50 /* SDWebImageDecoder.m */; };
		DB7F792C1ED31ED9003D3A50 /* SDWebImageDownloader.m in Sources */ = {isa = PBXBuildFile; fileRef = DB7F79111ED31ED9003D3A50 /* SDWebImageDownloader.m */; };
		DB7F792D1ED31ED9003D3A50 /* SDWebImageDownloaderOperation.m in Sources */ = {isa = PBXBuildFile; fileRef = DB7F79131ED31ED9003D3A50 /* SDWebImageDownloaderOperation.m */; };
		DB7F792E1ED31ED9003D3A50 /* SDWebImageManager.m in Sources */ = {isa = PBXBuildFile; fileRef = DB7F79151ED31ED9003D3A50 /* SDWebImageManager.m */; };
		DB7F792F1ED31ED9003D3A50 /* SDWebImagePrefetcher.m in Sources */ = {isa = PBXBuildFile; fileRef = DB7F79181ED31ED9003D3A50 /* SDWebImagePrefetcher.m */; };
		DB7F79301ED31ED9003D3A50 /* UIButton+WebCache.m in Sources */ = {isa = PBXBuildFile; fileRef = DB7F791A1ED31ED9003D3A50 /* UIButton+WebCache.m */; };
		DB7F79311ED31ED9003D3A50 /* UIImage+GIF.m in Sources */ = {isa = PBXBuildFile; fileRef = DB7F791C1ED31ED9003D3A50 /* UIImage+GIF.m */; };
		DB7F79321ED31ED9003D3A50 /* UIImage+MultiFormat.m in Sources */ = {isa = PBXBuildFile; fileRef = DB7F791E1ED31ED9003D3A50 /* UIImage+MultiFormat.m */; };
		DB7F79331ED31ED9003D3A50 /* UIImage+WebP.m in Sources */ = {isa = PBXBuildFile; fileRef = DB7F79201ED31ED9003D3A50 /* UIImage+WebP.m */; };
		DB7F79341ED31ED9003D3A50 /* UIImageView+HighlightedWebCache.m in Sources */ = {isa = PBXBuildFile; fileRef = DB7F79221ED31ED9003D3A50 /* UIImageView+HighlightedWebCache.m */; };
		DB7F79351ED31ED9003D3A50 /* UIImageView+WebCache.m in Sources */ = {isa = PBXBuildFile; fileRef = DB7F79241ED31ED9003D3A50 /* UIImageView+WebCache.m */; };
		DB7F79361ED31ED9003D3A50 /* UIView+WebCacheOperation.m in Sources */ = {isa = PBXBuildFile; fileRef = DB7F79261ED31ED9003D3A50 /* UIView+WebCacheOperation.m */; };
		DB7F79381ED3216E003D3A50 /* question.png in Resources */ = {isa = PBXBuildFile; fileRef = DB7F79371ED3216E003D3A50 /* question.png */; };
/* End PBXBuildFile section */

/* Begin PBXFileReference section */
		014D91641ED58D82002A8346 /* plus_white.png */ = {isa = PBXFileReference; lastKnownFileType = image.png; path = plus_white.png; sourceTree = "<group>"; };
		014D91651ED58D82002A8346 /* plus.png */ = {isa = PBXFileReference; lastKnownFileType = image.png; path = plus.png; sourceTree = "<group>"; };
		014D91691ED592A5002A8346 /* GallaryVC.h */ = {isa = PBXFileReference; fileEncoding = 4; lastKnownFileType = sourcecode.c.h; path = GallaryVC.h; sourceTree = "<group>"; };
		014D916A1ED592A5002A8346 /* GallaryVC.m */ = {isa = PBXFileReference; fileEncoding = 4; lastKnownFileType = sourcecode.c.objc; path = GallaryVC.m; sourceTree = "<group>"; };
		014D916C1ED592BD002A8346 /* UploadVC.h */ = {isa = PBXFileReference; fileEncoding = 4; lastKnownFileType = sourcecode.c.h; path = UploadVC.h; sourceTree = "<group>"; };
		014D916D1ED592BD002A8346 /* UploadVC.m */ = {isa = PBXFileReference; fileEncoding = 4; lastKnownFileType = sourcecode.c.objc; path = UploadVC.m; sourceTree = "<group>"; };
		014D916F1ED592F7002A8346 /* UploadTypeVC.h */ = {isa = PBXFileReference; fileEncoding = 4; lastKnownFileType = sourcecode.c.h; path = UploadTypeVC.h; sourceTree = "<group>"; };
		014D91701ED592F7002A8346 /* UploadTypeVC.m */ = {isa = PBXFileReference; fileEncoding = 4; lastKnownFileType = sourcecode.c.objc; path = UploadTypeVC.m; sourceTree = "<group>"; };
		DB0B4AEC1EC711BB005AAF8E /* AFHTTPRequestOperation.h */ = {isa = PBXFileReference; fileEncoding = 4; lastKnownFileType = sourcecode.c.h; path = AFHTTPRequestOperation.h; sourceTree = "<group>"; };
		DB0B4AED1EC711BB005AAF8E /* AFHTTPRequestOperation.m */ = {isa = PBXFileReference; fileEncoding = 4; lastKnownFileType = sourcecode.c.objc; path = AFHTTPRequestOperation.m; sourceTree = "<group>"; };
		DB0B4AEE1EC711BB005AAF8E /* AFHTTPRequestOperationManager.h */ = {isa = PBXFileReference; fileEncoding = 4; lastKnownFileType = sourcecode.c.h; path = AFHTTPRequestOperationManager.h; sourceTree = "<group>"; };
		DB0B4AEF1EC711BB005AAF8E /* AFHTTPRequestOperationManager.m */ = {isa = PBXFileReference; fileEncoding = 4; lastKnownFileType = sourcecode.c.objc; path = AFHTTPRequestOperationManager.m; sourceTree = "<group>"; };
		DB0B4AF01EC711BB005AAF8E /* AFHTTPSessionManager.h */ = {isa = PBXFileReference; fileEncoding = 4; lastKnownFileType = sourcecode.c.h; path = AFHTTPSessionManager.h; sourceTree = "<group>"; };
		DB0B4AF11EC711BB005AAF8E /* AFHTTPSessionManager.m */ = {isa = PBXFileReference; fileEncoding = 4; lastKnownFileType = sourcecode.c.objc; path = AFHTTPSessionManager.m; sourceTree = "<group>"; };
		DB0B4AF21EC711BB005AAF8E /* AFNetworking.h */ = {isa = PBXFileReference; fileEncoding = 4; lastKnownFileType = sourcecode.c.h; path = AFNetworking.h; sourceTree = "<group>"; };
		DB0B4AF31EC711BB005AAF8E /* AFNetworkReachabilityManager.h */ = {isa = PBXFileReference; fileEncoding = 4; lastKnownFileType = sourcecode.c.h; path = AFNetworkReachabilityManager.h; sourceTree = "<group>"; };
		DB0B4AF41EC711BB005AAF8E /* AFNetworkReachabilityManager.m */ = {isa = PBXFileReference; fileEncoding = 4; lastKnownFileType = sourcecode.c.objc; path = AFNetworkReachabilityManager.m; sourceTree = "<group>"; };
		DB0B4AF51EC711BB005AAF8E /* AFSecurityPolicy.h */ = {isa = PBXFileReference; fileEncoding = 4; lastKnownFileType = sourcecode.c.h; path = AFSecurityPolicy.h; sourceTree = "<group>"; };
		DB0B4AF61EC711BB005AAF8E /* AFSecurityPolicy.m */ = {isa = PBXFileReference; fileEncoding = 4; lastKnownFileType = sourcecode.c.objc; path = AFSecurityPolicy.m; sourceTree = "<group>"; };
		DB0B4AF71EC711BB005AAF8E /* AFURLConnectionOperation.h */ = {isa = PBXFileReference; fileEncoding = 4; lastKnownFileType = sourcecode.c.h; path = AFURLConnectionOperation.h; sourceTree = "<group>"; };
		DB0B4AF81EC711BB005AAF8E /* AFURLConnectionOperation.m */ = {isa = PBXFileReference; fileEncoding = 4; lastKnownFileType = sourcecode.c.objc; path = AFURLConnectionOperation.m; sourceTree = "<group>"; };
		DB0B4AF91EC711BB005AAF8E /* AFURLRequestSerialization.h */ = {isa = PBXFileReference; fileEncoding = 4; lastKnownFileType = sourcecode.c.h; path = AFURLRequestSerialization.h; sourceTree = "<group>"; };
		DB0B4AFA1EC711BB005AAF8E /* AFURLRequestSerialization.m */ = {isa = PBXFileReference; fileEncoding = 4; lastKnownFileType = sourcecode.c.objc; path = AFURLRequestSerialization.m; sourceTree = "<group>"; };
		DB0B4AFB1EC711BB005AAF8E /* AFURLResponseSerialization.h */ = {isa = PBXFileReference; fileEncoding = 4; lastKnownFileType = sourcecode.c.h; path = AFURLResponseSerialization.h; sourceTree = "<group>"; };
		DB0B4AFC1EC711BB005AAF8E /* AFURLResponseSerialization.m */ = {isa = PBXFileReference; fileEncoding = 4; lastKnownFileType = sourcecode.c.objc; path = AFURLResponseSerialization.m; sourceTree = "<group>"; };
		DB0B4AFD1EC711BB005AAF8E /* AFURLSessionManager.h */ = {isa = PBXFileReference; fileEncoding = 4; lastKnownFileType = sourcecode.c.h; path = AFURLSessionManager.h; sourceTree = "<group>"; };
		DB0B4AFE1EC711BB005AAF8E /* AFURLSessionManager.m */ = {isa = PBXFileReference; fileEncoding = 4; lastKnownFileType = sourcecode.c.objc; path = AFURLSessionManager.m; sourceTree = "<group>"; };
		DB0B4AFF1EC711BB005AAF8E /* APPhotoLibrary.h */ = {isa = PBXFileReference; fileEncoding = 4; lastKnownFileType = sourcecode.c.h; path = APPhotoLibrary.h; sourceTree = "<group>"; };
		DB0B4B001EC711BB005AAF8E /* APPhotoLibrary.m */ = {isa = PBXFileReference; fileEncoding = 4; lastKnownFileType = sourcecode.c.objc; path = APPhotoLibrary.m; sourceTree = "<group>"; };
		DB0B4B011EC711BB005AAF8E /* Config.h */ = {isa = PBXFileReference; fileEncoding = 4; lastKnownFileType = sourcecode.c.h; path = Config.h; sourceTree = "<group>"; };
		DB0B4B021EC711BB005AAF8E /* PrefixHeader.pch */ = {isa = PBXFileReference; fileEncoding = 4; lastKnownFileType = sourcecode.c.h; path = PrefixHeader.pch; sourceTree = "<group>"; };
		DB0B4B051EC711BB005AAF8E /* Reachability.h */ = {isa = PBXFileReference; fileEncoding = 4; lastKnownFileType = sourcecode.c.h; path = Reachability.h; sourceTree = "<group>"; };
		DB0B4B061EC711BB005AAF8E /* Reachability.m */ = {isa = PBXFileReference; fileEncoding = 4; lastKnownFileType = sourcecode.c.objc; path = Reachability.m; sourceTree = "<group>"; };
		DB0B4B071EC711BB005AAF8E /* SVIndefiniteAnimatedView.h */ = {isa = PBXFileReference; fileEncoding = 4; lastKnownFileType = sourcecode.c.h; path = SVIndefiniteAnimatedView.h; sourceTree = "<group>"; };
		DB0B4B081EC711BB005AAF8E /* SVIndefiniteAnimatedView.m */ = {isa = PBXFileReference; fileEncoding = 4; lastKnownFileType = sourcecode.c.objc; path = SVIndefiniteAnimatedView.m; sourceTree = "<group>"; };
		DB0B4B091EC711BB005AAF8E /* SVProgressHUD-Prefix.pch */ = {isa = PBXFileReference; fileEncoding = 4; lastKnownFileType = sourcecode.c.h; path = "SVProgressHUD-Prefix.pch"; sourceTree = "<group>"; };
		DB0B4B0A1EC711BB005AAF8E /* SVProgressHUD.bundle */ = {isa = PBXFileReference; lastKnownFileType = "wrapper.plug-in"; path = SVProgressHUD.bundle; sourceTree = "<group>"; };
		DB0B4B0B1EC711BB005AAF8E /* SVProgressHUD.h */ = {isa = PBXFileReference; fileEncoding = 4; lastKnownFileType = sourcecode.c.h; path = SVProgressHUD.h; sourceTree = "<group>"; };
		DB0B4B0C1EC711BB005AAF8E /* SVProgressHUD.m */ = {isa = PBXFileReference; fileEncoding = 4; lastKnownFileType = sourcecode.c.objc; path = SVProgressHUD.m; sourceTree = "<group>"; };
		DB0B4B0D1EC711BB005AAF8E /* SVRadialGradientLayer.h */ = {isa = PBXFileReference; fileEncoding = 4; lastKnownFileType = sourcecode.c.h; path = SVRadialGradientLayer.h; sourceTree = "<group>"; };
		DB0B4B0E1EC711BB005AAF8E /* SVRadialGradientLayer.m */ = {isa = PBXFileReference; fileEncoding = 4; lastKnownFileType = sourcecode.c.objc; path = SVRadialGradientLayer.m; sourceTree = "<group>"; };
		DB0B4B101EC711BB005AAF8E /* SVProgressHUD-Framework.h */ = {isa = PBXFileReference; fileEncoding = 4; lastKnownFileType = sourcecode.c.h; path = "SVProgressHUD-Framework.h"; sourceTree = "<group>"; };
		DB0B4B121EC711BB005AAF8E /* TPKeyboardAvoidingCollectionView.h */ = {isa = PBXFileReference; fileEncoding = 4; lastKnownFileType = sourcecode.c.h; path = TPKeyboardAvoidingCollectionView.h; sourceTree = "<group>"; };
		DB0B4B131EC711BB005AAF8E /* TPKeyboardAvoidingCollectionView.m */ = {isa = PBXFileReference; fileEncoding = 4; lastKnownFileType = sourcecode.c.objc; path = TPKeyboardAvoidingCollectionView.m; sourceTree = "<group>"; };
		DB0B4B141EC711BB005AAF8E /* TPKeyboardAvoidingScrollView.h */ = {isa = PBXFileReference; fileEncoding = 4; lastKnownFileType = sourcecode.c.h; path = TPKeyboardAvoidingScrollView.h; sourceTree = "<group>"; };
		DB0B4B151EC711BB005AAF8E /* TPKeyboardAvoidingScrollView.m */ = {isa = PBXFileReference; fileEncoding = 4; lastKnownFileType = sourcecode.c.objc; path = TPKeyboardAvoidingScrollView.m; sourceTree = "<group>"; };
		DB0B4B161EC711BB005AAF8E /* TPKeyboardAvoidingTableView.h */ = {isa = PBXFileReference; fileEncoding = 4; lastKnownFileType = sourcecode.c.h; path = TPKeyboardAvoidingTableView.h; sourceTree = "<group>"; };
		DB0B4B171EC711BB005AAF8E /* TPKeyboardAvoidingTableView.m */ = {isa = PBXFileReference; fileEncoding = 4; lastKnownFileType = sourcecode.c.objc; path = TPKeyboardAvoidingTableView.m; sourceTree = "<group>"; };
		DB0B4B181EC711BB005AAF8E /* UIScrollView+TPKeyboardAvoidingAdditions.h */ = {isa = PBXFileReference; fileEncoding = 4; lastKnownFileType = sourcecode.c.h; path = "UIScrollView+TPKeyboardAvoidingAdditions.h"; sourceTree = "<group>"; };
		DB0B4B191EC711BB005AAF8E /* UIScrollView+TPKeyboardAvoidingAdditions.m */ = {isa = PBXFileReference; fileEncoding = 4; lastKnownFileType = sourcecode.c.objc; path = "UIScrollView+TPKeyboardAvoidingAdditions.m"; sourceTree = "<group>"; };
		DB0B4B1A1EC711BB005AAF8E /* WebServiceCalls.h */ = {isa = PBXFileReference; fileEncoding = 4; lastKnownFileType = sourcecode.c.h; path = WebServiceCalls.h; sourceTree = "<group>"; };
		DB0B4B1B1EC711BB005AAF8E /* WebServiceCalls.m */ = {isa = PBXFileReference; fileEncoding = 4; lastKnownFileType = sourcecode.c.objc; path = WebServiceCalls.m; sourceTree = "<group>"; };
		DB0B4B301EC71F7B005AAF8E /* Bolts.framework */ = {isa = PBXFileReference; lastKnownFileType = wrapper.framework; name = Bolts.framework; path = Liabrary/Bolts.framework; sourceTree = "<group>"; };
		DB0B4B311EC71F7B005AAF8E /* FBSDKCoreKit.framework */ = {isa = PBXFileReference; lastKnownFileType = wrapper.framework; name = FBSDKCoreKit.framework; path = Liabrary/FBSDKCoreKit.framework; sourceTree = "<group>"; };
		DB0B4B321EC71F7B005AAF8E /* FBSDKLoginKit.framework */ = {isa = PBXFileReference; lastKnownFileType = wrapper.framework; name = FBSDKLoginKit.framework; path = Liabrary/FBSDKLoginKit.framework; sourceTree = "<group>"; };
		DB0B4B351EC71F7B005AAF8E /* GoogleAppUtilities.framework */ = {isa = PBXFileReference; lastKnownFileType = wrapper.framework; path = GoogleAppUtilities.framework; sourceTree = "<group>"; };
		DB0B4B361EC71F7B005AAF8E /* GoogleSignIn.bundle */ = {isa = PBXFileReference; lastKnownFileType = "wrapper.plug-in"; path = GoogleSignIn.bundle; sourceTree = "<group>"; };
		DB0B4B371EC71F7B005AAF8E /* GoogleSignIn.framework */ = {isa = PBXFileReference; lastKnownFileType = wrapper.framework; path = GoogleSignIn.framework; sourceTree = "<group>"; };
		DB0B4B381EC71F7B005AAF8E /* GoogleSignInDependencies.framework */ = {isa = PBXFileReference; lastKnownFileType = wrapper.framework; path = GoogleSignInDependencies.framework; sourceTree = "<group>"; };
		DB0B4B391EC71F7B005AAF8E /* GoogleSymbolUtilities.framework */ = {isa = PBXFileReference; lastKnownFileType = wrapper.framework; path = GoogleSymbolUtilities.framework; sourceTree = "<group>"; };
		DB0B4B451EC723E0005AAF8E /* GoogleService-Info.plist */ = {isa = PBXFileReference; fileEncoding = 4; lastKnownFileType = text.plist.xml; path = "GoogleService-Info.plist"; sourceTree = "<group>"; };
		DB0B4B481EC7269A005AAF8E /* SystemConfiguration.framework */ = {isa = PBXFileReference; lastKnownFileType = wrapper.framework; name = SystemConfiguration.framework; path = System/Library/Frameworks/SystemConfiguration.framework; sourceTree = SDKROOT; };
		DB0B4B4A1EC726A4005AAF8E /* SafariServices.framework */ = {isa = PBXFileReference; lastKnownFileType = wrapper.framework; name = SafariServices.framework; path = System/Library/Frameworks/SafariServices.framework; sourceTree = SDKROOT; };
		DB0B4B4C1EC726B0005AAF8E /* Foundation.framework */ = {isa = PBXFileReference; lastKnownFileType = wrapper.framework; name = Foundation.framework; path = System/Library/Frameworks/Foundation.framework; sourceTree = SDKROOT; };
		DB0B4B4E1EC726BF005AAF8E /* CoreGraphics.framework */ = {isa = PBXFileReference; lastKnownFileType = wrapper.framework; name = CoreGraphics.framework; path = System/Library/Frameworks/CoreGraphics.framework; sourceTree = SDKROOT; };
		DB0B4B501EC726D6005AAF8E /* UIKit.framework */ = {isa = PBXFileReference; lastKnownFileType = wrapper.framework; name = UIKit.framework; path = System/Library/Frameworks/UIKit.framework; sourceTree = SDKROOT; };
		DB0B4B521EC72706005AAF8E /* libz.tbd */ = {isa = PBXFileReference; lastKnownFileType = "sourcecode.text-based-dylib-definition"; name = libz.tbd; path = usr/lib/libz.tbd; sourceTree = SDKROOT; };
		DB0B4B541EC7271B005AAF8E /* libsqlite3.0.tbd */ = {isa = PBXFileReference; lastKnownFileType = "sourcecode.text-based-dylib-definition"; name = libsqlite3.0.tbd; path = usr/lib/libsqlite3.0.tbd; sourceTree = SDKROOT; };
		DB0B4B561EC73270005AAF8E /* AccountKit.framework */ = {isa = PBXFileReference; lastKnownFileType = wrapper.framework; name = AccountKit.framework; path = Liabrary/AccountKit.framework; sourceTree = "<group>"; };
		DB0B4B571EC73270005AAF8E /* AccountKitStrings.bundle */ = {isa = PBXFileReference; lastKnownFileType = "wrapper.plug-in"; name = AccountKitStrings.bundle; path = Liabrary/AccountKitStrings.bundle; sourceTree = "<group>"; };
		DB52B9D51EC6DE280082C04F /* UTMarket.app */ = {isa = PBXFileReference; explicitFileType = wrapper.application; includeInIndex = 0; path = UTMarket.app; sourceTree = BUILT_PRODUCTS_DIR; };
		DB52B9D91EC6DE280082C04F /* main.m */ = {isa = PBXFileReference; lastKnownFileType = sourcecode.c.objc; path = main.m; sourceTree = "<group>"; };
		DB52B9DB1EC6DE290082C04F /* AppDelegate.h */ = {isa = PBXFileReference; lastKnownFileType = sourcecode.c.h; path = AppDelegate.h; sourceTree = "<group>"; };
		DB52B9DC1EC6DE290082C04F /* AppDelegate.m */ = {isa = PBXFileReference; lastKnownFileType = sourcecode.c.objc; path = AppDelegate.m; sourceTree = "<group>"; };
		DB52B9DE1EC6DE290082C04F /* ViewController.h */ = {isa = PBXFileReference; lastKnownFileType = sourcecode.c.h; path = ViewController.h; sourceTree = "<group>"; };
		DB52B9DF1EC6DE290082C04F /* ViewController.m */ = {isa = PBXFileReference; lastKnownFileType = sourcecode.c.objc; path = ViewController.m; sourceTree = "<group>"; };
		DB52B9E21EC6DE290082C04F /* Base */ = {isa = PBXFileReference; lastKnownFileType = file.storyboard; name = Base; path = Base.lproj/Main.storyboard; sourceTree = "<group>"; };
		DB52B9E41EC6DE2A0082C04F /* Assets.xcassets */ = {isa = PBXFileReference; lastKnownFileType = folder.assetcatalog; path = Assets.xcassets; sourceTree = "<group>"; };
		DB52B9E71EC6DE2A0082C04F /* Base */ = {isa = PBXFileReference; lastKnownFileType = file.storyboard; name = Base; path = Base.lproj/LaunchScreen.storyboard; sourceTree = "<group>"; };
		DB52B9E91EC6DE2A0082C04F /* Info.plist */ = {isa = PBXFileReference; lastKnownFileType = text.plist.xml; path = Info.plist; sourceTree = "<group>"; };
		DB52B9F01EC6E70D0082C04F /* arrow_left.png */ = {isa = PBXFileReference; lastKnownFileType = image.png; path = arrow_left.png; sourceTree = "<group>"; };
		DB52B9F11EC6E70D0082C04F /* back.png */ = {isa = PBXFileReference; lastKnownFileType = image.png; path = back.png; sourceTree = "<group>"; };
		DB52B9F31EC6E70D0082C04F /* car.png */ = {isa = PBXFileReference; lastKnownFileType = image.png; path = car.png; sourceTree = "<group>"; };
		DB52B9F41EC6E70D0082C04F /* chat.png */ = {isa = PBXFileReference; lastKnownFileType = image.png; path = chat.png; sourceTree = "<group>"; };
		DB52B9F51EC6E70D0082C04F /* evening.jpg */ = {isa = PBXFileReference; lastKnownFileType = image.jpeg; path = evening.jpg; sourceTree = "<group>"; };
		DB52B9F61EC6E70D0082C04F /* facebook.png */ = {isa = PBXFileReference; lastKnownFileType = image.png; path = facebook.png; sourceTree = "<group>"; };
		DB52B9F71EC6E70D0082C04F /* feedback.png */ = {isa = PBXFileReference; lastKnownFileType = image.png; path = feedback.png; sourceTree = "<group>"; };
		DB52B9FA1EC6E70D0082C04F /* filter.png */ = {isa = PBXFileReference; lastKnownFileType = image.png; path = filter.png; sourceTree = "<group>"; };
		DB52B9FB1EC6E70D0082C04F /* gplus.png */ = {isa = PBXFileReference; lastKnownFileType = image.png; path = gplus.png; sourceTree = "<group>"; };
		DB52B9FC1EC6E70D0082C04F /* grey_arrow.png */ = {isa = PBXFileReference; lastKnownFileType = image.png; path = grey_arrow.png; sourceTree = "<group>"; };
		DB52B9FD1EC6E70D0082C04F /* grey_camera.png */ = {isa = PBXFileReference; lastKnownFileType = image.png; path = grey_camera.png; sourceTree = "<group>"; };
		DB52B9FE1EC6E70D0082C04F /* heart.png */ = {isa = PBXFileReference; lastKnownFileType = image.png; path = heart.png; sourceTree = "<group>"; };
		DB52B9FF1EC6E70D0082C04F /* help.png */ = {isa = PBXFileReference; lastKnownFileType = image.png; path = help.png; sourceTree = "<group>"; };
		DB52BA001EC6E70D0082C04F /* home.png */ = {isa = PBXFileReference; lastKnownFileType = image.png; path = home.png; sourceTree = "<group>"; };
		DB52BA011EC6E70D0082C04F /* homes.jpg */ = {isa = PBXFileReference; lastKnownFileType = image.jpeg; path = homes.jpg; sourceTree = "<group>"; };
		DB52BA021EC6E70D0082C04F /* homesea.png */ = {isa = PBXFileReference; lastKnownFileType = image.png; path = homesea.png; sourceTree = "<group>"; };
		DB52BA031EC6E70D0082C04F /* house.png */ = {isa = PBXFileReference; lastKnownFileType = image.png; path = house.png; sourceTree = "<group>"; };
		DB52BA041EC6E70D0082C04F /* image_item.png */ = {isa = PBXFileReference; lastKnownFileType = image.png; path = image_item.png; sourceTree = "<group>"; };
		DB52BA051EC6E70D0082C04F /* line.png */ = {isa = PBXFileReference; lastKnownFileType = image.png; path = line.png; sourceTree = "<group>"; };
		DB52BA061EC6E70D0082C04F /* log_out.png */ = {isa = PBXFileReference; lastKnownFileType = image.png; path = log_out.png; sourceTree = "<group>"; };
		DB52BA071EC6E70D0082C04F /* login_backgroung 2.png */ = {isa = PBXFileReference; lastKnownFileType = image.png; path = "login_backgroung 2.png"; sourceTree = "<group>"; };
		DB52BA081EC6E70D0082C04F /* login_backgroung.png */ = {isa = PBXFileReference; lastKnownFileType = image.png; path = login_backgroung.png; sourceTree = "<group>"; };
		DB52BA091EC6E70D0082C04F /* logo.png */ = {isa = PBXFileReference; lastKnownFileType = image.png; path = logo.png; sourceTree = "<group>"; };
		DB52BA0A1EC6E70D0082C04F /* plane.png */ = {isa = PBXFileReference; lastKnownFileType = image.png; path = plane.png; sourceTree = "<group>"; };
		DB52BA0B1EC6E70D0082C04F /* profileimage.png */ = {isa = PBXFileReference; lastKnownFileType = image.png; path = profileimage.png; sourceTree = "<group>"; };
		DB52BA0C1EC6E70D0082C04F /* rupees.png */ = {isa = PBXFileReference; lastKnownFileType = image.png; path = rupees.png; sourceTree = "<group>"; };
		DB52BA0D1EC6E70D0082C04F /* search.png */ = {isa = PBXFileReference; lastKnownFileType = image.png; path = search.png; sourceTree = "<group>"; };
		DB52BA0E1EC6E70D0082C04F /* setting.png */ = {isa = PBXFileReference; lastKnownFileType = image.png; path = setting.png; sourceTree = "<group>"; };
		DB52BA0F1EC6E70D0082C04F /* share_info.png */ = {isa = PBXFileReference; lastKnownFileType = image.png; path = share_info.png; sourceTree = "<group>"; };
		DB52BA111EC6E70D0082C04F /* sweethome.jpg */ = {isa = PBXFileReference; lastKnownFileType = image.jpeg; path = sweethome.jpg; sourceTree = "<group>"; };
		DB52BA121EC6E70D0082C04F /* tv.png */ = {isa = PBXFileReference; lastKnownFileType = image.png; path = tv.png; sourceTree = "<group>"; };
		DB52BA131EC6E70D0082C04F /* user.png */ = {isa = PBXFileReference; lastKnownFileType = image.png; path = user.png; sourceTree = "<group>"; };
		DB52BA141EC6E70D0082C04F /* vehicle_image.png */ = {isa = PBXFileReference; lastKnownFileType = image.png; path = vehicle_image.png; sourceTree = "<group>"; };
		DB5E31401ECED05200A44445 /* MapKit.framework */ = {isa = PBXFileReference; lastKnownFileType = wrapper.framework; name = MapKit.framework; path = System/Library/Frameworks/MapKit.framework; sourceTree = SDKROOT; };
		DB7F78EC1ED3002C003D3A50 /* ViewHeader.h */ = {isa = PBXFileReference; fileEncoding = 4; lastKnownFileType = sourcecode.c.h; path = ViewHeader.h; sourceTree = "<group>"; };
		DB7F78ED1ED3002C003D3A50 /* ViewHeader.m */ = {isa = PBXFileReference; fileEncoding = 4; lastKnownFileType = sourcecode.c.objc; path = ViewHeader.m; sourceTree = "<group>"; };
		DB7F78EE1ED3002C003D3A50 /* ViewHeader.xib */ = {isa = PBXFileReference; fileEncoding = 4; lastKnownFileType = file.xib; path = ViewHeader.xib; sourceTree = "<group>"; };
		DB7F78F11ED3008E003D3A50 /* sidebar_.png */ = {isa = PBXFileReference; lastKnownFileType = image.png; path = sidebar_.png; sourceTree = "<group>"; };
		DB7F78F31ED300B7003D3A50 /* back_icon.png */ = {isa = PBXFileReference; lastKnownFileType = image.png; path = back_icon.png; sourceTree = "<group>"; };
		DB7F78F51ED3013B003D3A50 /* HomeVC.h */ = {isa = PBXFileReference; fileEncoding = 4; lastKnownFileType = sourcecode.c.h; path = HomeVC.h; sourceTree = "<group>"; };
		DB7F78F61ED3013B003D3A50 /* HomeVC.m */ = {isa = PBXFileReference; fileEncoding = 4; lastKnownFileType = sourcecode.c.objc; path = HomeVC.m; sourceTree = "<group>"; };
		DB7F78F91ED307F5003D3A50 /* CategoryVC.h */ = {isa = PBXFileReference; fileEncoding = 4; lastKnownFileType = sourcecode.c.h; path = CategoryVC.h; sourceTree = "<group>"; };
		DB7F78FA1ED307F5003D3A50 /* CategoryVC.m */ = {isa = PBXFileReference; fileEncoding = 4; lastKnownFileType = sourcecode.c.objc; path = CategoryVC.m; sourceTree = "<group>"; };
		DB7F78FC1ED31662003D3A50 /* DataListVC.h */ = {isa = PBXFileReference; fileEncoding = 4; lastKnownFileType = sourcecode.c.h; path = DataListVC.h; sourceTree = "<group>"; };
		DB7F78FD1ED31662003D3A50 /* DataListVC.m */ = {isa = PBXFileReference; fileEncoding = 4; lastKnownFileType = sourcecode.c.objc; path = DataListVC.m; sourceTree = "<group>"; };
		DB7F79001ED316D7003D3A50 /* View.xib */ = {isa = PBXFileReference; fileEncoding = 4; lastKnownFileType = file.xib; path = View.xib; sourceTree = "<group>"; };
		DB7F79021ED31890003D3A50 /* ViewCell.h */ = {isa = PBXFileReference; fileEncoding = 4; lastKnownFileType = sourcecode.c.h; path = ViewCell.h; sourceTree = "<group>"; };
		DB7F79031ED31890003D3A50 /* ViewCell.m */ = {isa = PBXFileReference; fileEncoding = 4; lastKnownFileType = sourcecode.c.objc; path = ViewCell.m; sourceTree = "<group>"; };
		DB7F79061ED31ED9003D3A50 /* MKAnnotationView+WebCache.h */ = {isa = PBXFileReference; fileEncoding = 4; lastKnownFileType = sourcecode.c.h; path = "MKAnnotationView+WebCache.h"; sourceTree = "<group>"; };
		DB7F79071ED31ED9003D3A50 /* MKAnnotationView+WebCache.m */ = {isa = PBXFileReference; fileEncoding = 4; lastKnownFileType = sourcecode.c.objc; path = "MKAnnotationView+WebCache.m"; sourceTree = "<group>"; };
		DB7F79081ED31ED9003D3A50 /* NSData+ImageContentType.h */ = {isa = PBXFileReference; fileEncoding = 4; lastKnownFileType = sourcecode.c.h; path = "NSData+ImageContentType.h"; sourceTree = "<group>"; };
		DB7F79091ED31ED9003D3A50 /* NSData+ImageContentType.m */ = {isa = PBXFileReference; fileEncoding = 4; lastKnownFileType = sourcecode.c.objc; path = "NSData+ImageContentType.m"; sourceTree = "<group>"; };
		DB7F790A1ED31ED9003D3A50 /* SDImageCache.h */ = {isa = PBXFileReference; fileEncoding = 4; lastKnownFileType = sourcecode.c.h; path = SDImageCache.h; sourceTree = "<group>"; };
		DB7F790B1ED31ED9003D3A50 /* SDImageCache.m */ = {isa = PBXFileReference; fileEncoding = 4; lastKnownFileType = sourcecode.c.objc; path = SDImageCache.m; sourceTree = "<group>"; };
		DB7F790C1ED31ED9003D3A50 /* SDWebImageCompat.h */ = {isa = PBXFileReference; fileEncoding = 4; lastKnownFileType = sourcecode.c.h; path = SDWebImageCompat.h; sourceTree = "<group>"; };
		DB7F790D1ED31ED9003D3A50 /* SDWebImageCompat.m */ = {isa = PBXFileReference; fileEncoding = 4; lastKnownFileType = sourcecode.c.objc; path = SDWebImageCompat.m; sourceTree = "<group>"; };
		DB7F790E1ED31ED9003D3A50 /* SDWebImageDecoder.h */ = {isa = PBXFileReference; fileEncoding = 4; lastKnownFileType = sourcecode.c.h; path = SDWebImageDecoder.h; sourceTree = "<group>"; };
		DB7F790F1ED31ED9003D3A50 /* SDWebImageDecoder.m */ = {isa = PBXFileReference; fileEncoding = 4; lastKnownFileType = sourcecode.c.objc; path = SDWebImageDecoder.m; sourceTree = "<group>"; };
		DB7F79101ED31ED9003D3A50 /* SDWebImageDownloader.h */ = {isa = PBXFileReference; fileEncoding = 4; lastKnownFileType = sourcecode.c.h; path = SDWebImageDownloader.h; sourceTree = "<group>"; };
		DB7F79111ED31ED9003D3A50 /* SDWebImageDownloader.m */ = {isa = PBXFileReference; fileEncoding = 4; lastKnownFileType = sourcecode.c.objc; path = SDWebImageDownloader.m; sourceTree = "<group>"; };
		DB7F79121ED31ED9003D3A50 /* SDWebImageDownloaderOperation.h */ = {isa = PBXFileReference; fileEncoding = 4; lastKnownFileType = sourcecode.c.h; path = SDWebImageDownloaderOperation.h; sourceTree = "<group>"; };
		DB7F79131ED31ED9003D3A50 /* SDWebImageDownloaderOperation.m */ = {isa = PBXFileReference; fileEncoding = 4; lastKnownFileType = sourcecode.c.objc; path = SDWebImageDownloaderOperation.m; sourceTree = "<group>"; };
		DB7F79141ED31ED9003D3A50 /* SDWebImageManager.h */ = {isa = PBXFileReference; fileEncoding = 4; lastKnownFileType = sourcecode.c.h; path = SDWebImageManager.h; sourceTree = "<group>"; };
		DB7F79151ED31ED9003D3A50 /* SDWebImageManager.m */ = {isa = PBXFileReference; fileEncoding = 4; lastKnownFileType = sourcecode.c.objc; path = SDWebImageManager.m; sourceTree = "<group>"; };
		DB7F79161ED31ED9003D3A50 /* SDWebImageOperation.h */ = {isa = PBXFileReference; fileEncoding = 4; lastKnownFileType = sourcecode.c.h; path = SDWebImageOperation.h; sourceTree = "<group>"; };
		DB7F79171ED31ED9003D3A50 /* SDWebImagePrefetcher.h */ = {isa = PBXFileReference; fileEncoding = 4; lastKnownFileType = sourcecode.c.h; path = SDWebImagePrefetcher.h; sourceTree = "<group>"; };
		DB7F79181ED31ED9003D3A50 /* SDWebImagePrefetcher.m */ = {isa = PBXFileReference; fileEncoding = 4; lastKnownFileType = sourcecode.c.objc; path = SDWebImagePrefetcher.m; sourceTree = "<group>"; };
		DB7F79191ED31ED9003D3A50 /* UIButton+WebCache.h */ = {isa = PBXFileReference; fileEncoding = 4; lastKnownFileType = sourcecode.c.h; path = "UIButton+WebCache.h"; sourceTree = "<group>"; };
		DB7F791A1ED31ED9003D3A50 /* UIButton+WebCache.m */ = {isa = PBXFileReference; fileEncoding = 4; lastKnownFileType = sourcecode.c.objc; path = "UIButton+WebCache.m"; sourceTree = "<group>"; };
		DB7F791B1ED31ED9003D3A50 /* UIImage+GIF.h */ = {isa = PBXFileReference; fileEncoding = 4; lastKnownFileType = sourcecode.c.h; path = "UIImage+GIF.h"; sourceTree = "<group>"; };
		DB7F791C1ED31ED9003D3A50 /* UIImage+GIF.m */ = {isa = PBXFileReference; fileEncoding = 4; lastKnownFileType = sourcecode.c.objc; path = "UIImage+GIF.m"; sourceTree = "<group>"; };
		DB7F791D1ED31ED9003D3A50 /* UIImage+MultiFormat.h */ = {isa = PBXFileReference; fileEncoding = 4; lastKnownFileType = sourcecode.c.h; path = "UIImage+MultiFormat.h"; sourceTree = "<group>"; };
		DB7F791E1ED31ED9003D3A50 /* UIImage+MultiFormat.m */ = {isa = PBXFileReference; fileEncoding = 4; lastKnownFileType = sourcecode.c.objc; path = "UIImage+MultiFormat.m"; sourceTree = "<group>"; };
		DB7F791F1ED31ED9003D3A50 /* UIImage+WebP.h */ = {isa = PBXFileReference; fileEncoding = 4; lastKnownFileType = sourcecode.c.h; path = "UIImage+WebP.h"; sourceTree = "<group>"; };
		DB7F79201ED31ED9003D3A50 /* UIImage+WebP.m */ = {isa = PBXFileReference; fileEncoding = 4; lastKnownFileType = sourcecode.c.objc; path = "UIImage+WebP.m"; sourceTree = "<group>"; };
		DB7F79211ED31ED9003D3A50 /* UIImageView+HighlightedWebCache.h */ = {isa = PBXFileReference; fileEncoding = 4; lastKnownFileType = sourcecode.c.h; path = "UIImageView+HighlightedWebCache.h"; sourceTree = "<group>"; };
		DB7F79221ED31ED9003D3A50 /* UIImageView+HighlightedWebCache.m */ = {isa = PBXFileReference; fileEncoding = 4; lastKnownFileType = sourcecode.c.objc; path = "UIImageView+HighlightedWebCache.m"; sourceTree = "<group>"; };
		DB7F79231ED31ED9003D3A50 /* UIImageView+WebCache.h */ = {isa = PBXFileReference; fileEncoding = 4; lastKnownFileType = sourcecode.c.h; path = "UIImageView+WebCache.h"; sourceTree = "<group>"; };
		DB7F79241ED31ED9003D3A50 /* UIImageView+WebCache.m */ = {isa = PBXFileReference; fileEncoding = 4; lastKnownFileType = sourcecode.c.objc; path = "UIImageView+WebCache.m"; sourceTree = "<group>"; };
		DB7F79251ED31ED9003D3A50 /* UIView+WebCacheOperation.h */ = {isa = PBXFileReference; fileEncoding = 4; lastKnownFileType = sourcecode.c.h; path = "UIView+WebCacheOperation.h"; sourceTree = "<group>"; };
		DB7F79261ED31ED9003D3A50 /* UIView+WebCacheOperation.m */ = {isa = PBXFileReference; fileEncoding = 4; lastKnownFileType = sourcecode.c.objc; path = "UIView+WebCacheOperation.m"; sourceTree = "<group>"; };
		DB7F79371ED3216E003D3A50 /* question.png */ = {isa = PBXFileReference; lastKnownFileType = image.png; path = question.png; sourceTree = "<group>"; };
/* End PBXFileReference section */

/* Begin PBXFrameworksBuildPhase section */
		DB52B9D21EC6DE280082C04F /* Frameworks */ = {
			isa = PBXFrameworksBuildPhase;
			buildActionMask = 2147483647;
			files = (
				DB0B4B551EC7271B005AAF8E /* libsqlite3.0.tbd in Frameworks */,
				DB0B4B531EC72706005AAF8E /* libz.tbd in Frameworks */,
				DB5E31411ECED05200A44445 /* MapKit.framework in Frameworks */,
				DB0B4B511EC726D6005AAF8E /* UIKit.framework in Frameworks */,
				DB0B4B4F1EC726BF005AAF8E /* CoreGraphics.framework in Frameworks */,
				DB0B4B4D1EC726B0005AAF8E /* Foundation.framework in Frameworks */,
				DB0B4B581EC73270005AAF8E /* AccountKit.framework in Frameworks */,
				DB0B4B4B1EC726A4005AAF8E /* SafariServices.framework in Frameworks */,
				DB0B4B491EC7269A005AAF8E /* SystemConfiguration.framework in Frameworks */,
				DB0B4B411EC71F7B005AAF8E /* GoogleSignInDependencies.framework in Frameworks */,
				DB0B4B421EC71F7B005AAF8E /* GoogleSymbolUtilities.framework in Frameworks */,
				DB0B4B401EC71F7B005AAF8E /* GoogleSignIn.framework in Frameworks */,
				DB0B4B3E1EC71F7B005AAF8E /* GoogleAppUtilities.framework in Frameworks */,
				DB0B4B3A1EC71F7B005AAF8E /* Bolts.framework in Frameworks */,
				DB0B4B3B1EC71F7B005AAF8E /* FBSDKCoreKit.framework in Frameworks */,
				DB0B4B3C1EC71F7B005AAF8E /* FBSDKLoginKit.framework in Frameworks */,
			);
			runOnlyForDeploymentPostprocessing = 0;
		};
/* End PBXFrameworksBuildPhase section */

/* Begin PBXGroup section */
		014D91681ED59260002A8346 /* Gallary VC */ = {
			isa = PBXGroup;
			children = (
				014D91691ED592A5002A8346 /* GallaryVC.h */,
				014D916A1ED592A5002A8346 /* GallaryVC.m */,
				014D916F1ED592F7002A8346 /* UploadTypeVC.h */,
				014D91701ED592F7002A8346 /* UploadTypeVC.m */,
				014D916C1ED592BD002A8346 /* UploadVC.h */,
				014D916D1ED592BD002A8346 /* UploadVC.m */,
			);
			name = "Gallary VC";
			sourceTree = "<group>";
		};
		DB0B4AEA1EC711BB005AAF8E /* Liabrary */ = {
			isa = PBXGroup;
			children = (
				DB7F79051ED31ED9003D3A50 /* SDWebImage */,
				DB0B4B341EC71F7B005AAF8E /* Google */,
				DB0B4AEB1EC711BB005AAF8E /* AFNetworking */,
				DB0B4AFF1EC711BB005AAF8E /* APPhotoLibrary.h */,
				DB0B4B001EC711BB005AAF8E /* APPhotoLibrary.m */,
				DB0B4B011EC711BB005AAF8E /* Config.h */,
				DB0B4B021EC711BB005AAF8E /* PrefixHeader.pch */,
				DB0B4B031EC711BB005AAF8E /* SVHUD */,
				DB0B4B111EC711BB005AAF8E /* TpKeyBoard */,
				DB0B4B1A1EC711BB005AAF8E /* WebServiceCalls.h */,
				DB0B4B1B1EC711BB005AAF8E /* WebServiceCalls.m */,
			);
			path = Liabrary;
			sourceTree = "<group>";
		};
		DB0B4AEB1EC711BB005AAF8E /* AFNetworking */ = {
			isa = PBXGroup;
			children = (
				DB0B4AEC1EC711BB005AAF8E /* AFHTTPRequestOperation.h */,
				DB0B4AED1EC711BB005AAF8E /* AFHTTPRequestOperation.m */,
				DB0B4AEE1EC711BB005AAF8E /* AFHTTPRequestOperationManager.h */,
				DB0B4AEF1EC711BB005AAF8E /* AFHTTPRequestOperationManager.m */,
				DB0B4AF01EC711BB005AAF8E /* AFHTTPSessionManager.h */,
				DB0B4AF11EC711BB005AAF8E /* AFHTTPSessionManager.m */,
				DB0B4AF21EC711BB005AAF8E /* AFNetworking.h */,
				DB0B4AF31EC711BB005AAF8E /* AFNetworkReachabilityManager.h */,
				DB0B4AF41EC711BB005AAF8E /* AFNetworkReachabilityManager.m */,
				DB0B4AF51EC711BB005AAF8E /* AFSecurityPolicy.h */,
				DB0B4AF61EC711BB005AAF8E /* AFSecurityPolicy.m */,
				DB0B4AF71EC711BB005AAF8E /* AFURLConnectionOperation.h */,
				DB0B4AF81EC711BB005AAF8E /* AFURLConnectionOperation.m */,
				DB0B4AF91EC711BB005AAF8E /* AFURLRequestSerialization.h */,
				DB0B4AFA1EC711BB005AAF8E /* AFURLRequestSerialization.m */,
				DB0B4AFB1EC711BB005AAF8E /* AFURLResponseSerialization.h */,
				DB0B4AFC1EC711BB005AAF8E /* AFURLResponseSerialization.m */,
				DB0B4AFD1EC711BB005AAF8E /* AFURLSessionManager.h */,
				DB0B4AFE1EC711BB005AAF8E /* AFURLSessionManager.m */,
			);
			path = AFNetworking;
			sourceTree = "<group>";
		};
		DB0B4B031EC711BB005AAF8E /* SVHUD */ = {
			isa = PBXGroup;
			children = (
				DB0B4B041EC711BB005AAF8E /* SVProgressHUD */,
				DB0B4B0F1EC711BB005AAF8E /* SVProgressHUD-Framework */,
			);
			path = SVHUD;
			sourceTree = "<group>";
		};
		DB0B4B041EC711BB005AAF8E /* SVProgressHUD */ = {
			isa = PBXGroup;
			children = (
				DB0B4B051EC711BB005AAF8E /* Reachability.h */,
				DB0B4B061EC711BB005AAF8E /* Reachability.m */,
				DB0B4B071EC711BB005AAF8E /* SVIndefiniteAnimatedView.h */,
				DB0B4B081EC711BB005AAF8E /* SVIndefiniteAnimatedView.m */,
				DB0B4B091EC711BB005AAF8E /* SVProgressHUD-Prefix.pch */,
				DB0B4B0A1EC711BB005AAF8E /* SVProgressHUD.bundle */,
				DB0B4B0B1EC711BB005AAF8E /* SVProgressHUD.h */,
				DB0B4B0C1EC711BB005AAF8E /* SVProgressHUD.m */,
				DB0B4B0D1EC711BB005AAF8E /* SVRadialGradientLayer.h */,
				DB0B4B0E1EC711BB005AAF8E /* SVRadialGradientLayer.m */,
			);
			path = SVProgressHUD;
			sourceTree = "<group>";
		};
		DB0B4B0F1EC711BB005AAF8E /* SVProgressHUD-Framework */ = {
			isa = PBXGroup;
			children = (
				DB0B4B101EC711BB005AAF8E /* SVProgressHUD-Framework.h */,
			);
			path = "SVProgressHUD-Framework";
			sourceTree = "<group>";
		};
		DB0B4B111EC711BB005AAF8E /* TpKeyBoard */ = {
			isa = PBXGroup;
			children = (
				DB0B4B121EC711BB005AAF8E /* TPKeyboardAvoidingCollectionView.h */,
				DB0B4B131EC711BB005AAF8E /* TPKeyboardAvoidingCollectionView.m */,
				DB0B4B141EC711BB005AAF8E /* TPKeyboardAvoidingScrollView.h */,
				DB0B4B151EC711BB005AAF8E /* TPKeyboardAvoidingScrollView.m */,
				DB0B4B161EC711BB005AAF8E /* TPKeyboardAvoidingTableView.h */,
				DB0B4B171EC711BB005AAF8E /* TPKeyboardAvoidingTableView.m */,
				DB0B4B181EC711BB005AAF8E /* UIScrollView+TPKeyboardAvoidingAdditions.h */,
				DB0B4B191EC711BB005AAF8E /* UIScrollView+TPKeyboardAvoidingAdditions.m */,
			);
			path = TpKeyBoard;
			sourceTree = "<group>";
		};
		DB0B4B341EC71F7B005AAF8E /* Google */ = {
			isa = PBXGroup;
			children = (
				DB0B4B351EC71F7B005AAF8E /* GoogleAppUtilities.framework */,
				DB0B4B361EC71F7B005AAF8E /* GoogleSignIn.bundle */,
				DB0B4B371EC71F7B005AAF8E /* GoogleSignIn.framework */,
				DB0B4B381EC71F7B005AAF8E /* GoogleSignInDependencies.framework */,
				DB0B4B391EC71F7B005AAF8E /* GoogleSymbolUtilities.framework */,
			);
			path = Google;
			sourceTree = "<group>";
		};
		DB0B4B471EC7269A005AAF8E /* Frameworks */ = {
			isa = PBXGroup;
			children = (
				DB0B4B561EC73270005AAF8E /* AccountKit.framework */,
				DB0B4B571EC73270005AAF8E /* AccountKitStrings.bundle */,
				DB0B4B301EC71F7B005AAF8E /* Bolts.framework */,
				DB0B4B311EC71F7B005AAF8E /* FBSDKCoreKit.framework */,
				DB0B4B321EC71F7B005AAF8E /* FBSDKLoginKit.framework */,
				DB5E31401ECED05200A44445 /* MapKit.framework */,
				DB0B4B541EC7271B005AAF8E /* libsqlite3.0.tbd */,
				DB0B4B521EC72706005AAF8E /* libz.tbd */,
				DB0B4B501EC726D6005AAF8E /* UIKit.framework */,
				DB0B4B4E1EC726BF005AAF8E /* CoreGraphics.framework */,
				DB0B4B4C1EC726B0005AAF8E /* Foundation.framework */,
				DB0B4B4A1EC726A4005AAF8E /* SafariServices.framework */,
				DB0B4B481EC7269A005AAF8E /* SystemConfiguration.framework */,
			);
			name = Frameworks;
			sourceTree = "<group>";
		};
		DB52B9CC1EC6DE280082C04F = {
			isa = PBXGroup;
			children = (
				DB0B4AEA1EC711BB005AAF8E /* Liabrary */,
				DB52B9D71EC6DE280082C04F /* UTMarket */,
				DB52B9D61EC6DE280082C04F /* Products */,
				DB0B4B471EC7269A005AAF8E /* Frameworks */,
			);
			sourceTree = "<group>";
		};
		DB52B9D61EC6DE280082C04F /* Products */ = {
			isa = PBXGroup;
			children = (
				DB52B9D51EC6DE280082C04F /* UTMarket.app */,
			);
			name = Products;
			sourceTree = "<group>";
		};
		DB52B9D71EC6DE280082C04F /* UTMarket */ = {
			isa = PBXGroup;
			children = (
				DB7F78EA1ED30017003D3A50 /* CustomViews */,
				DB7F78F81ED307B9003D3A50 /* HomeVC */,
				DB7F78FF1ED31666003D3A50 /* DataLIstVC */,
				014D91681ED59260002A8346 /* Gallary VC */,
				DB52B9DB1EC6DE290082C04F /* AppDelegate.h */,
				DB52B9DC1EC6DE290082C04F /* AppDelegate.m */,
				DB52B9DE1EC6DE290082C04F /* ViewController.h */,
				DB52B9DF1EC6DE290082C04F /* ViewController.m */,
				DB52B9E11EC6DE290082C04F /* Main.storyboard */,
				DB7F78F91ED307F5003D3A50 /* CategoryVC.h */,
				DB7F78FA1ED307F5003D3A50 /* CategoryVC.m */,
				DB52B9E41EC6DE2A0082C04F /* Assets.xcassets */,
				DB52B9E61EC6DE2A0082C04F /* LaunchScreen.storyboard */,
				DB0B4B451EC723E0005AAF8E /* GoogleService-Info.plist */,
				DB52B9E91EC6DE2A0082C04F /* Info.plist */,
				DB52B9D81EC6DE280082C04F /* Supporting Files */,
				DB52B9EF1EC6E70D0082C04F /* Icon_img */,
			);
			path = UTMarket;
			sourceTree = "<group>";
		};
		DB52B9D81EC6DE280082C04F /* Supporting Files */ = {
			isa = PBXGroup;
			children = (
				DB52B9D91EC6DE280082C04F /* main.m */,
			);
			name = "Supporting Files";
			sourceTree = "<group>";
		};
		DB52B9EF1EC6E70D0082C04F /* Icon_img */ = {
			isa = PBXGroup;
			children = (
				DB7F79371ED3216E003D3A50 /* question.png */,
				DB7F78F31ED300B7003D3A50 /* back_icon.png */,
				DB7F78F11ED3008E003D3A50 /* sidebar_.png */,
				DB52B9F01EC6E70D0082C04F /* arrow_left.png */,
				DB52B9F11EC6E70D0082C04F /* back.png */,
				DB52B9F31EC6E70D0082C04F /* car.png */,
				DB52B9F41EC6E70D0082C04F /* chat.png */,
				DB52B9F51EC6E70D0082C04F /* evening.jpg */,
				DB52B9F61EC6E70D0082C04F /* facebook.png */,
				DB52B9F71EC6E70D0082C04F /* feedback.png */,
				DB52B9FA1EC6E70D0082C04F /* filter.png */,
				DB52B9FB1EC6E70D0082C04F /* gplus.png */,
				DB52B9FC1EC6E70D0082C04F /* grey_arrow.png */,
				DB52B9FD1EC6E70D0082C04F /* grey_camera.png */,
				DB52B9FE1EC6E70D0082C04F /* heart.png */,
				DB52B9FF1EC6E70D0082C04F /* help.png */,
				DB52BA001EC6E70D0082C04F /* home.png */,
				DB52BA011EC6E70D0082C04F /* homes.jpg */,
				DB52BA021EC6E70D0082C04F /* homesea.png */,
				DB52BA031EC6E70D0082C04F /* house.png */,
				DB52BA041EC6E70D0082C04F /* image_item.png */,
				DB52BA051EC6E70D0082C04F /* line.png */,
				DB52BA061EC6E70D0082C04F /* log_out.png */,
				DB52BA071EC6E70D0082C04F /* login_backgroung 2.png */,
				DB52BA081EC6E70D0082C04F /* login_backgroung.png */,
				DB52BA091EC6E70D0082C04F /* logo.png */,
				DB52BA0A1EC6E70D0082C04F /* plane.png */,
				014D91641ED58D82002A8346 /* plus_white.png */,
				014D91651ED58D82002A8346 /* plus.png */,
				DB52BA0B1EC6E70D0082C04F /* profileimage.png */,
				DB52BA0C1EC6E70D0082C04F /* rupees.png */,
				DB52BA0D1EC6E70D0082C04F /* search.png */,
				DB52BA0E1EC6E70D0082C04F /* setting.png */,
				DB52BA0F1EC6E70D0082C04F /* share_info.png */,
				DB52BA111EC6E70D0082C04F /* sweethome.jpg */,
				DB52BA121EC6E70D0082C04F /* tv.png */,
				DB52BA131EC6E70D0082C04F /* user.png */,
				DB52BA141EC6E70D0082C04F /* vehicle_image.png */,
			);
			path = Icon_img;
			sourceTree = SOURCE_ROOT;
		};
		DB7F78EA1ED30017003D3A50 /* CustomViews */ = {
			isa = PBXGroup;
			children = (
				DB7F78EB1ED3002C003D3A50 /* HEADER */,
			);
			name = CustomViews;
			sourceTree = "<group>";
		};
		DB7F78EB1ED3002C003D3A50 /* HEADER */ = {
			isa = PBXGroup;
			children = (
				DB7F78EC1ED3002C003D3A50 /* ViewHeader.h */,
				DB7F78ED1ED3002C003D3A50 /* ViewHeader.m */,
				DB7F78EE1ED3002C003D3A50 /* ViewHeader.xib */,
			);
			path = HEADER;
			sourceTree = "<group>";
		};
		DB7F78F81ED307B9003D3A50 /* HomeVC */ = {
			isa = PBXGroup;
			children = (
				DB7F78F51ED3013B003D3A50 /* HomeVC.h */,
				DB7F78F61ED3013B003D3A50 /* HomeVC.m */,
			);
			name = HomeVC;
			sourceTree = "<group>";
		};
		DB7F78FF1ED31666003D3A50 /* DataLIstVC */ = {
			isa = PBXGroup;
			children = (
				DB7F78FC1ED31662003D3A50 /* DataListVC.h */,
				DB7F78FD1ED31662003D3A50 /* DataListVC.m */,
				DB7F79001ED316D7003D3A50 /* View.xib */,
				DB7F79021ED31890003D3A50 /* ViewCell.h */,
				DB7F79031ED31890003D3A50 /* ViewCell.m */,
			);
			name = DataLIstVC;
			sourceTree = "<group>";
		};
		DB7F79051ED31ED9003D3A50 /* SDWebImage */ = {
			isa = PBXGroup;
			children = (
				DB7F79061ED31ED9003D3A50 /* MKAnnotationView+WebCache.h */,
				DB7F79071ED31ED9003D3A50 /* MKAnnotationView+WebCache.m */,
				DB7F79081ED31ED9003D3A50 /* NSData+ImageContentType.h */,
				DB7F79091ED31ED9003D3A50 /* NSData+ImageContentType.m */,
				DB7F790A1ED31ED9003D3A50 /* SDImageCache.h */,
				DB7F790B1ED31ED9003D3A50 /* SDImageCache.m */,
				DB7F790C1ED31ED9003D3A50 /* SDWebImageCompat.h */,
				DB7F790D1ED31ED9003D3A50 /* SDWebImageCompat.m */,
				DB7F790E1ED31ED9003D3A50 /* SDWebImageDecoder.h */,
				DB7F790F1ED31ED9003D3A50 /* SDWebImageDecoder.m */,
				DB7F79101ED31ED9003D3A50 /* SDWebImageDownloader.h */,
				DB7F79111ED31ED9003D3A50 /* SDWebImageDownloader.m */,
				DB7F79121ED31ED9003D3A50 /* SDWebImageDownloaderOperation.h */,
				DB7F79131ED31ED9003D3A50 /* SDWebImageDownloaderOperation.m */,
				DB7F79141ED31ED9003D3A50 /* SDWebImageManager.h */,
				DB7F79151ED31ED9003D3A50 /* SDWebImageManager.m */,
				DB7F79161ED31ED9003D3A50 /* SDWebImageOperation.h */,
				DB7F79171ED31ED9003D3A50 /* SDWebImagePrefetcher.h */,
				DB7F79181ED31ED9003D3A50 /* SDWebImagePrefetcher.m */,
				DB7F79191ED31ED9003D3A50 /* UIButton+WebCache.h */,
				DB7F791A1ED31ED9003D3A50 /* UIButton+WebCache.m */,
				DB7F791B1ED31ED9003D3A50 /* UIImage+GIF.h */,
				DB7F791C1ED31ED9003D3A50 /* UIImage+GIF.m */,
				DB7F791D1ED31ED9003D3A50 /* UIImage+MultiFormat.h */,
				DB7F791E1ED31ED9003D3A50 /* UIImage+MultiFormat.m */,
				DB7F791F1ED31ED9003D3A50 /* UIImage+WebP.h */,
				DB7F79201ED31ED9003D3A50 /* UIImage+WebP.m */,
				DB7F79211ED31ED9003D3A50 /* UIImageView+HighlightedWebCache.h */,
				DB7F79221ED31ED9003D3A50 /* UIImageView+HighlightedWebCache.m */,
				DB7F79231ED31ED9003D3A50 /* UIImageView+WebCache.h */,
				DB7F79241ED31ED9003D3A50 /* UIImageView+WebCache.m */,
				DB7F79251ED31ED9003D3A50 /* UIView+WebCacheOperation.h */,
				DB7F79261ED31ED9003D3A50 /* UIView+WebCacheOperation.m */,
			);
			path = SDWebImage;
			sourceTree = "<group>";
		};
/* End PBXGroup section */

/* Begin PBXNativeTarget section */
		DB52B9D41EC6DE280082C04F /* UTMarket */ = {
			isa = PBXNativeTarget;
			buildConfigurationList = DB52B9EC1EC6DE2A0082C04F /* Build configuration list for PBXNativeTarget "UTMarket" */;
			buildPhases = (
				DB52B9D11EC6DE280082C04F /* Sources */,
				DB52B9D21EC6DE280082C04F /* Frameworks */,
				DB52B9D31EC6DE280082C04F /* Resources */,
			);
			buildRules = (
			);
			dependencies = (
			);
			name = UTMarket;
			productName = UTMarket;
			productReference = DB52B9D51EC6DE280082C04F /* UTMarket.app */;
			productType = "com.apple.product-type.application";
		};
/* End PBXNativeTarget section */

/* Begin PBXProject section */
		DB52B9CD1EC6DE280082C04F /* Project object */ = {
			isa = PBXProject;
			attributes = {
				LastUpgradeCheck = 0830;
				ORGANIZATIONNAME = "Ashish sharma";
				TargetAttributes = {
					DB52B9D41EC6DE280082C04F = {
						CreatedOnToolsVersion = 8.3;
						DevelopmentTeam = PK56EG6Q57;
						ProvisioningStyle = Automatic;
						SystemCapabilities = {
							com.apple.BackgroundModes = {
								enabled = 1;
							};
							com.apple.Maps.iOS = {
								enabled = 1;
							};
						};
					};
				};
			};
			buildConfigurationList = DB52B9D01EC6DE280082C04F /* Build configuration list for PBXProject "UTMarket" */;
			compatibilityVersion = "Xcode 3.2";
			developmentRegion = English;
			hasScannedForEncodings = 0;
			knownRegions = (
				en,
				Base,
			);
			mainGroup = DB52B9CC1EC6DE280082C04F;
			productRefGroup = DB52B9D61EC6DE280082C04F /* Products */;
			projectDirPath = "";
			projectRoot = "";
			targets = (
				DB52B9D41EC6DE280082C04F /* UTMarket */,
			);
		};
/* End PBXProject section */

/* Begin PBXResourcesBuildPhase section */
		DB52B9D31EC6DE280082C04F /* Resources */ = {
			isa = PBXResourcesBuildPhase;
			buildActionMask = 2147483647;
			files = (
				DB7F79011ED316D7003D3A50 /* View.xib in Resources */,
				DB52BA181EC6E70D0082C04F /* car.png in Resources */,
				DB52B9E81EC6DE2A0082C04F /* LaunchScreen.storyboard in Resources */,
				DB52BA2F1EC6E70D0082C04F /* plane.png in Resources */,
				DB52BA291EC6E70D0082C04F /* image_item.png in Resources */,
				DB52BA271EC6E70D0082C04F /* homesea.png in Resources */,
				DB52BA211EC6E70D0082C04F /* grey_arrow.png in Resources */,
				DB52BA371EC6E70D0082C04F /* tv.png in Resources */,
				DB0B4B591EC73270005AAF8E /* AccountKitStrings.bundle in Resources */,
				DB52BA221EC6E70D0082C04F /* grey_camera.png in Resources */,
				DB7F79381ED3216E003D3A50 /* question.png in Resources */,
				DB0B4B281EC711BB005AAF8E /* SVProgressHUD.bundle in Resources */,
				DB52BA321EC6E70D0082C04F /* search.png in Resources */,
				DB52BA1C1EC6E70D0082C04F /* feedback.png in Resources */,
				DB7F78F21ED3008E003D3A50 /* sidebar_.png in Resources */,
				DB7F78F41ED300B7003D3A50 /* back_icon.png in Resources */,
				DB52BA381EC6E70D0082C04F /* user.png in Resources */,
				DB52BA161EC6E70D0082C04F /* back.png in Resources */,
				DB52BA191EC6E70D0082C04F /* chat.png in Resources */,
				DB52BA391EC6E70D0082C04F /* vehicle_image.png in Resources */,
				DB52BA2B1EC6E70D0082C04F /* log_out.png in Resources */,
				014D91661ED58D82002A8346 /* plus_white.png in Resources */,
				DB7F78F01ED3002C003D3A50 /* ViewHeader.xib in Resources */,
				DB52BA331EC6E70D0082C04F /* setting.png in Resources */,
				DB52B9E51EC6DE2A0082C04F /* Assets.xcassets in Resources */,
				DB52BA261EC6E70D0082C04F /* homes.jpg in Resources */,
				DB52BA2D1EC6E70D0082C04F /* login_backgroung.png in Resources */,
				DB52BA231EC6E70D0082C04F /* heart.png in Resources */,
				DB52BA311EC6E70D0082C04F /* rupees.png in Resources */,
				DB52BA2E1EC6E70D0082C04F /* logo.png in Resources */,
				DB52BA151EC6E70D0082C04F /* arrow_left.png in Resources */,
				DB52BA301EC6E70D0082C04F /* profileimage.png in Resources */,
				DB52BA241EC6E70D0082C04F /* help.png in Resources */,
				DB0B4B461EC723E0005AAF8E /* GoogleService-Info.plist in Resources */,
				DB52BA361EC6E70D0082C04F /* sweethome.jpg in Resources */,
				DB52BA2A1EC6E70D0082C04F /* line.png in Resources */,
				DB52BA1F1EC6E70D0082C04F /* filter.png in Resources */,
				DB52B9E31EC6DE290082C04F /* Main.storyboard in Resources */,
				DB0B4B3F1EC71F7B005AAF8E /* GoogleSignIn.bundle in Resources */,
				DB52BA1B1EC6E70D0082C04F /* facebook.png in Resources */,
				DB52BA2C1EC6E70D0082C04F /* login_backgroung 2.png in Resources */,
				DB52BA251EC6E70D0082C04F /* home.png in Resources */,
				DB52BA281EC6E70D0082C04F /* house.png in Resources */,
				014D91671ED58D82002A8346 /* plus.png in Resources */,
				DB52BA201EC6E70D0082C04F /* gplus.png in Resources */,
				DB52BA1A1EC6E70D0082C04F /* evening.jpg in Resources */,
				DB52BA341EC6E70D0082C04F /* share_info.png in Resources */,
			);
			runOnlyForDeploymentPostprocessing = 0;
		};
/* End PBXResourcesBuildPhase section */

/* Begin PBXSourcesBuildPhase section */
		DB52B9D11EC6DE280082C04F /* Sources */ = {
			isa = PBXSourcesBuildPhase;
			buildActionMask = 2147483647;
			files = (
				DB7F79361ED31ED9003D3A50 /* UIView+WebCacheOperation.m in Sources */,
				DB0B4B2F1EC711BB005AAF8E /* WebServiceCalls.m in Sources */,
				DB0B4B1C1EC711BB005AAF8E /* AFHTTPRequestOperation.m in Sources */,
				DB0B4B2D1EC711BB005AAF8E /* TPKeyboardAvoidingTableView.m in Sources */,
				DB52B9E01EC6DE290082C04F /* ViewController.m in Sources */,
				DB0B4B1D1EC711BB005AAF8E /* AFHTTPRequestOperationManager.m in Sources */,
				DB0B4B1F1EC711BB005AAF8E /* AFNetworkReachabilityManager.m in Sources */,
				014D916E1ED592BD002A8346 /* UploadVC.m in Sources */,
				DB0B4B231EC711BB005AAF8E /* AFURLResponseSerialization.m in Sources */,
				DB0B4B271EC711BB005AAF8E /* SVIndefiniteAnimatedView.m in Sources */,
				DB7F792D1ED31ED9003D3A50 /* SDWebImageDownloaderOperation.m in Sources */,
				014D91711ED592F7002A8346 /* UploadTypeVC.m in Sources */,
				DB7F792F1ED31ED9003D3A50 /* SDWebImagePrefetcher.m in Sources */,
				DB7F78FE1ED31662003D3A50 /* DataListVC.m in Sources */,
				DB0B4B211EC711BB005AAF8E /* AFURLConnectionOperation.m in Sources */,
				DB0B4B201EC711BB005AAF8E /* AFSecurityPolicy.m in Sources */,
				DB7F79321ED31ED9003D3A50 /* UIImage+MultiFormat.m in Sources */,
				DB7F78EF1ED3002C003D3A50 /* ViewHeader.m in Sources */,
				DB0B4B251EC711BB005AAF8E /* APPhotoLibrary.m in Sources */,
				DB7F79301ED31ED9003D3A50 /* UIButton+WebCache.m in Sources */,
				DB7F79311ED31ED9003D3A50 /* UIImage+GIF.m in Sources */,
				DB0B4B2E1EC711BB005AAF8E /* UIScrollView+TPKeyboardAvoidingAdditions.m in Sources */,
				DB0B4B291EC711BB005AAF8E /* SVProgressHUD.m in Sources */,
				DB7F78FB1ED307F5003D3A50 /* CategoryVC.m in Sources */,
				DB0B4B2B1EC711BB005AAF8E /* TPKeyboardAvoidingCollectionView.m in Sources */,
				DB0B4B1E1EC711BB005AAF8E /* AFHTTPSessionManager.m in Sources */,
				DB0B4B221EC711BB005AAF8E /* AFURLRequestSerialization.m in Sources */,
				DB7F79291ED31ED9003D3A50 /* SDImageCache.m in Sources */,
				DB0B4B2A1EC711BB005AAF8E /* SVRadialGradientLayer.m in Sources */,
				DB7F792E1ED31ED9003D3A50 /* SDWebImageManager.m in Sources */,
				DB7F79331ED31ED9003D3A50 /* UIImage+WebP.m in Sources */,
				DB0B4B261EC711BB005AAF8E /* Reachability.m in Sources */,
				DB0B4B2C1EC711BB005AAF8E /* TPKeyboardAvoidingScrollView.m in Sources */,
				DB7F79041ED31890003D3A50 /* ViewCell.m in Sources */,
				DB0B4B241EC711BB005AAF8E /* AFURLSessionManager.m in Sources */,
				DB7F79351ED31ED9003D3A50 /* UIImageView+WebCache.m in Sources */,
				DB7F792C1ED31ED9003D3A50 /* SDWebImageDownloader.m in Sources */,
				DB7F78F71ED3013B003D3A50 /* HomeVC.m in Sources */,
				DB7F79271ED31ED9003D3A50 /* MKAnnotationView+WebCache.m in Sources */,
				DB52B9DD1EC6DE290082C04F /* AppDelegate.m in Sources */,
				DB7F792B1ED31ED9003D3A50 /* SDWebImageDecoder.m in Sources */,
				014D916B1ED592A5002A8346 /* GallaryVC.m in Sources */,
				DB7F792A1ED31ED9003D3A50 /* SDWebImageCompat.m in Sources */,
				DB7F79341ED31ED9003D3A50 /* UIImageView+HighlightedWebCache.m in Sources */,
				DB7F79281ED31ED9003D3A50 /* NSData+ImageContentType.m in Sources */,
				DB52B9DA1EC6DE280082C04F /* main.m in Sources */,
			);
			runOnlyForDeploymentPostprocessing = 0;
		};
/* End PBXSourcesBuildPhase section */

/* Begin PBXVariantGroup section */
		DB52B9E11EC6DE290082C04F /* Main.storyboard */ = {
			isa = PBXVariantGroup;
			children = (
				DB52B9E21EC6DE290082C04F /* Base */,
			);
			name = Main.storyboard;
			sourceTree = "<group>";
		};
		DB52B9E61EC6DE2A0082C04F /* LaunchScreen.storyboard */ = {
			isa = PBXVariantGroup;
			children = (
				DB52B9E71EC6DE2A0082C04F /* Base */,
			);
			name = LaunchScreen.storyboard;
			sourceTree = "<group>";
		};
/* End PBXVariantGroup section */

/* Begin XCBuildConfiguration section */
		DB52B9EA1EC6DE2A0082C04F /* Debug */ = {
			isa = XCBuildConfiguration;
			buildSettings = {
				ALWAYS_SEARCH_USER_PATHS = NO;
				CLANG_ANALYZER_NONNULL = YES;
				CLANG_ANALYZER_NUMBER_OBJECT_CONVERSION = YES_AGGRESSIVE;
				CLANG_CXX_LANGUAGE_STANDARD = "gnu++0x";
				CLANG_CXX_LIBRARY = "libc++";
				CLANG_ENABLE_MODULES = YES;
				CLANG_ENABLE_OBJC_ARC = YES;
				CLANG_WARN_BOOL_CONVERSION = YES;
				CLANG_WARN_CONSTANT_CONVERSION = YES;
				CLANG_WARN_DIRECT_OBJC_ISA_USAGE = YES_ERROR;
				CLANG_WARN_DOCUMENTATION_COMMENTS = YES;
				CLANG_WARN_EMPTY_BODY = YES;
				CLANG_WARN_ENUM_CONVERSION = YES;
				CLANG_WARN_INFINITE_RECURSION = YES;
				CLANG_WARN_INT_CONVERSION = YES;
				CLANG_WARN_OBJC_ROOT_CLASS = YES_ERROR;
				CLANG_WARN_SUSPICIOUS_MOVE = YES;
				CLANG_WARN_UNREACHABLE_CODE = YES;
				CLANG_WARN__DUPLICATE_METHOD_MATCH = YES;
				"CODE_SIGN_IDENTITY[sdk=iphoneos*]" = "iPhone Developer";
				COPY_PHASE_STRIP = NO;
				DEBUG_INFORMATION_FORMAT = dwarf;
				ENABLE_STRICT_OBJC_MSGSEND = YES;
				ENABLE_TESTABILITY = YES;
				GCC_C_LANGUAGE_STANDARD = gnu99;
				GCC_DYNAMIC_NO_PIC = NO;
				GCC_NO_COMMON_BLOCKS = YES;
				GCC_OPTIMIZATION_LEVEL = 0;
				GCC_PREPROCESSOR_DEFINITIONS = (
					"DEBUG=1",
					"$(inherited)",
				);
				GCC_WARN_64_TO_32_BIT_CONVERSION = YES;
				GCC_WARN_ABOUT_RETURN_TYPE = YES_ERROR;
				GCC_WARN_UNDECLARED_SELECTOR = YES;
				GCC_WARN_UNINITIALIZED_AUTOS = YES_AGGRESSIVE;
				GCC_WARN_UNUSED_FUNCTION = YES;
				GCC_WARN_UNUSED_VARIABLE = YES;
				IPHONEOS_DEPLOYMENT_TARGET = 10.3;
				MTL_ENABLE_DEBUG_INFO = YES;
				ONLY_ACTIVE_ARCH = YES;
				SDKROOT = iphoneos;
				TARGETED_DEVICE_FAMILY = "1,2";
			};
			name = Debug;
		};
		DB52B9EB1EC6DE2A0082C04F /* Release */ = {
			isa = XCBuildConfiguration;
			buildSettings = {
				ALWAYS_SEARCH_USER_PATHS = NO;
				CLANG_ANALYZER_NONNULL = YES;
				CLANG_ANALYZER_NUMBER_OBJECT_CONVERSION = YES_AGGRESSIVE;
				CLANG_CXX_LANGUAGE_STANDARD = "gnu++0x";
				CLANG_CXX_LIBRARY = "libc++";
				CLANG_ENABLE_MODULES = YES;
				CLANG_ENABLE_OBJC_ARC = YES;
				CLANG_WARN_BOOL_CONVERSION = YES;
				CLANG_WARN_CONSTANT_CONVERSION = YES;
				CLANG_WARN_DIRECT_OBJC_ISA_USAGE = YES_ERROR;
				CLANG_WARN_DOCUMENTATION_COMMENTS = YES;
				CLANG_WARN_EMPTY_BODY = YES;
				CLANG_WARN_ENUM_CONVERSION = YES;
				CLANG_WARN_INFINITE_RECURSION = YES;
				CLANG_WARN_INT_CONVERSION = YES;
				CLANG_WARN_OBJC_ROOT_CLASS = YES_ERROR;
				CLANG_WARN_SUSPICIOUS_MOVE = YES;
				CLANG_WARN_UNREACHABLE_CODE = YES;
				CLANG_WARN__DUPLICATE_METHOD_MATCH = YES;
				"CODE_SIGN_IDENTITY[sdk=iphoneos*]" = "iPhone Developer";
				COPY_PHASE_STRIP = NO;
				DEBUG_INFORMATION_FORMAT = "dwarf-with-dsym";
				ENABLE_NS_ASSERTIONS = NO;
				ENABLE_STRICT_OBJC_MSGSEND = YES;
				GCC_C_LANGUAGE_STANDARD = gnu99;
				GCC_NO_COMMON_BLOCKS = YES;
				GCC_WARN_64_TO_32_BIT_CONVERSION = YES;
				GCC_WARN_ABOUT_RETURN_TYPE = YES_ERROR;
				GCC_WARN_UNDECLARED_SELECTOR = YES;
				GCC_WARN_UNINITIALIZED_AUTOS = YES_AGGRESSIVE;
				GCC_WARN_UNUSED_FUNCTION = YES;
				GCC_WARN_UNUSED_VARIABLE = YES;
				IPHONEOS_DEPLOYMENT_TARGET = 10.3;
				MTL_ENABLE_DEBUG_INFO = NO;
				SDKROOT = iphoneos;
				TARGETED_DEVICE_FAMILY = "1,2";
				VALIDATE_PRODUCT = YES;
			};
			name = Release;
		};
		DB52B9ED1EC6DE2A0082C04F /* Debug */ = {
			isa = XCBuildConfiguration;
			buildSettings = {
				ASSETCATALOG_COMPILER_APPICON_NAME = AppIcon;
				DEVELOPMENT_TEAM = PK56EG6Q57;
				FRAMEWORK_SEARCH_PATHS = (
					"$(inherited)",
					"$(PROJECT_DIR)/Liabrary",
					"$(PROJECT_DIR)/Liabrary/Google",
				);
				GCC_PREFIX_HEADER = Liabrary/PrefixHeader.pch;
				INFOPLIST_FILE = UTMarket/Info.plist;
				IPHONEOS_DEPLOYMENT_TARGET = 8.0;
				LD_RUNPATH_SEARCH_PATHS = "$(inherited) @executable_path/Frameworks";
				OTHER_LDFLAGS = "-ObjC";
				PRODUCT_BUNDLE_IDENTIFIER = com.Ebook.testUTM;
				PRODUCT_NAME = "$(TARGET_NAME)";
			};
			name = Debug;
		};
		DB52B9EE1EC6DE2A0082C04F /* Release */ = {
			isa = XCBuildConfiguration;
			buildSettings = {
				ASSETCATALOG_COMPILER_APPICON_NAME = AppIcon;
				DEVELOPMENT_TEAM = PK56EG6Q57;
				FRAMEWORK_SEARCH_PATHS = (
					"$(inherited)",
					"$(PROJECT_DIR)/Liabrary",
					"$(PROJECT_DIR)/Liabrary/Google",
				);
				GCC_PREFIX_HEADER = Liabrary/PrefixHeader.pch;
				INFOPLIST_FILE = UTMarket/Info.plist;
				IPHONEOS_DEPLOYMENT_TARGET = 8.0;
				LD_RUNPATH_SEARCH_PATHS = "$(inherited) @executable_path/Frameworks";
				OTHER_LDFLAGS = "-ObjC";
				PRODUCT_BUNDLE_IDENTIFIER = com.Ebook.testUTM;
				PRODUCT_NAME = "$(TARGET_NAME)";
			};
			name = Release;
		};
/* End XCBuildConfiguration section */

/* Begin XCConfigurationList section */
		DB52B9D01EC6DE280082C04F /* Build configuration list for PBXProject "UTMarket" */ = {
			isa = XCConfigurationList;
			buildConfigurations = (
				DB52B9EA1EC6DE2A0082C04F /* Debug */,
				DB52B9EB1EC6DE2A0082C04F /* Release */,
			);
			defaultConfigurationIsVisible = 0;
			defaultConfigurationName = Release;
		};
		DB52B9EC1EC6DE2A0082C04F /* Build configuration list for PBXNativeTarget "UTMarket" */ = {
			isa = XCConfigurationList;
			buildConfigurations = (
				DB52B9ED1EC6DE2A0082C04F /* Debug */,
				DB52B9EE1EC6DE2A0082C04F /* Release */,
			);
			defaultConfigurationIsVisible = 0;
			defaultConfigurationName = Release;
		};
/* End XCConfigurationList section */
	};
	rootObject = DB52B9CD1EC6DE280082C04F /* Project object */;
}
